// !$*UTF8*$!
{
	archiveVersion = 1;
	classes = {
	};
	objectVersion = 56;
	objects = {

/* Begin PBXBuildFile section */
		010C263E29A6CCAC00FE38EA /* CompanyAboutView.swift in Sources */ = {isa = PBXBuildFile; fileRef = 010C263D29A6CCAC00FE38EA /* CompanyAboutView.swift */; };
		0110308229944FC700DE3268 /* Localization.swift in Sources */ = {isa = PBXBuildFile; fileRef = 0110308129944FC700DE3268 /* Localization.swift */; };
		01554F6729A7F8F200F16B51 /* SectionViews.swift in Sources */ = {isa = PBXBuildFile; fileRef = 01554F6629A7F8F200F16B51 /* SectionViews.swift */; };
		0159A22429C2DA1C00DD8C5E /* PickupSelectionArgs.swift in Sources */ = {isa = PBXBuildFile; fileRef = 0159A22329C2DA1C00DD8C5E /* PickupSelectionArgs.swift */; };
		0159A22629C2DA4000DD8C5E /* CompanyDetailArgs.swift in Sources */ = {isa = PBXBuildFile; fileRef = 0159A22529C2DA4000DD8C5E /* CompanyDetailArgs.swift */; };
		016B927529C3A3CC00207A38 /* MapExtensions.swift in Sources */ = {isa = PBXBuildFile; fileRef = 016B927429C3A3CC00207A38 /* MapExtensions.swift */; };
		017FE611299432DF000541D8 /* MainViewModel.swift in Sources */ = {isa = PBXBuildFile; fileRef = 017FE610299432DF000541D8 /* MainViewModel.swift */; };
		0193898829C204CC00D82A62 /* Localizable.strings in Resources */ = {isa = PBXBuildFile; fileRef = 0110307D29944F0900DE3268 /* Localizable.strings */; };
		01A2B7E629A22C3300709F30 /* TabLayoutMediator.swift in Sources */ = {isa = PBXBuildFile; fileRef = 01A2B7E529A22C3300709F30 /* TabLayoutMediator.swift */; };
		01A2B7E929A2465800709F30 /* CompanyDetailViewController.swift in Sources */ = {isa = PBXBuildFile; fileRef = 01A2B7E829A2465800709F30 /* CompanyDetailViewController.swift */; };
		01A30E5729C032CF005958BB /* PickupSelectionViewController.swift in Sources */ = {isa = PBXBuildFile; fileRef = 01A30E5629C032CF005958BB /* PickupSelectionViewController.swift */; };
		01A6393B29B6EFE00038B31A /* CompanyDetail.swift in Sources */ = {isa = PBXBuildFile; fileRef = 01A6393A29B6EFE00038B31A /* CompanyDetail.swift */; };
		01A6393D29B6F0B70038B31A /* Comment.swift in Sources */ = {isa = PBXBuildFile; fileRef = 01A6393C29B6F0B70038B31A /* Comment.swift */; };
		01A6393F29B6F0DC0038B31A /* Shuttle.swift in Sources */ = {isa = PBXBuildFile; fileRef = 01A6393E29B6F0DC0038B31A /* Shuttle.swift */; };
		01A6394129B6F1260038B31A /* User.swift in Sources */ = {isa = PBXBuildFile; fileRef = 01A6394029B6F1260038B31A /* User.swift */; };
		01A6394429B6F2FA0038B31A /* CompanyRepository.swift in Sources */ = {isa = PBXBuildFile; fileRef = 01A6394329B6F2FA0038B31A /* CompanyRepository.swift */; };
		01B9699F29A8FEA40059C1D6 /* CommentCell.swift in Sources */ = {isa = PBXBuildFile; fileRef = 01B9699E29A8FEA40059C1D6 /* CommentCell.swift */; };
		01C550F929C1812F003E0D40 /* DynamicColorButton.swift in Sources */ = {isa = PBXBuildFile; fileRef = 01C550F829C1812F003E0D40 /* DynamicColorButton.swift */; };
		01D0D17F29B5A87400ACFEF9 /* CompanyDetailViewModel.swift in Sources */ = {isa = PBXBuildFile; fileRef = 01D0D17E29B5A87400ACFEF9 /* CompanyDetailViewModel.swift */; };
		01E63A8729BAE4C400220865 /* Driver.swift in Sources */ = {isa = PBXBuildFile; fileRef = 01E63A8629BAE4C400220865 /* Driver.swift */; };
		01E7255F29AE9EBA009CF7FE /* Spacing.swift in Sources */ = {isa = PBXBuildFile; fileRef = 01E7255E29AE9EBA009CF7FE /* Spacing.swift */; };
		01F36CC429AD418D0039E12D /* CompanyStatusCell.swift in Sources */ = {isa = PBXBuildFile; fileRef = 01F36CC329AD418D0039E12D /* CompanyStatusCell.swift */; };
		01F36CC629AD45210039E12D /* CompanyContantCell.swift in Sources */ = {isa = PBXBuildFile; fileRef = 01F36CC529AD45210039E12D /* CompanyContantCell.swift */; };
		01F36CC829AD46250039E12D /* CompanyHeaderCell.swift in Sources */ = {isa = PBXBuildFile; fileRef = 01F36CC729AD46250039E12D /* CompanyHeaderCell.swift */; };
		6FD133BBE66D8F8751596AD2 /* Pods_Shuttleasy_ShuttleasyUITests.framework in Frameworks */ = {isa = PBXBuildFile; fileRef = 88D16047F3D4D6219772C15D /* Pods_Shuttleasy_ShuttleasyUITests.framework */; };
		97D4C3F7B6680FB7ED81C793 /* Pods_Shuttleasy.framework in Frameworks */ = {isa = PBXBuildFile; fileRef = D546814752AE116D09DABC62 /* Pods_Shuttleasy.framework */; };
		D406C0CA2937C2B800BC5F0C /* BaseTabbarController.swift in Sources */ = {isa = PBXBuildFile; fileRef = D406C0C92937C2B800BC5F0C /* BaseTabbarController.swift */; };
		D406C0D02937CB2A00BC5F0C /* HomepageViewContoller.swift in Sources */ = {isa = PBXBuildFile; fileRef = D406C0CF2937CB2A00BC5F0C /* HomepageViewContoller.swift */; };
		D406C0D22937CB4B00BC5F0C /* SearchShuttleViewContoller.swift in Sources */ = {isa = PBXBuildFile; fileRef = D406C0D12937CB4B00BC5F0C /* SearchShuttleViewContoller.swift */; };
		D406C0D42937CB5700BC5F0C /* ProfileViewController.swift in Sources */ = {isa = PBXBuildFile; fileRef = D406C0D32937CB5700BC5F0C /* ProfileViewController.swift */; };
		D40B27EE292A789500140612 /* SignUpViewController.swift in Sources */ = {isa = PBXBuildFile; fileRef = D40B27ED292A789500140612 /* SignUpViewController.swift */; };
		D40B27F0292A78C500140612 /* EmailPasswordResetController.swift in Sources */ = {isa = PBXBuildFile; fileRef = D40B27EF292A78C500140612 /* EmailPasswordResetController.swift */; };
		D40B27F2292A797100140612 /* Navigator.swift in Sources */ = {isa = PBXBuildFile; fileRef = D40B27F1292A797100140612 /* Navigator.swift */; };
		D40B27F6292A8F2700140612 /* Snackbar.swift in Sources */ = {isa = PBXBuildFile; fileRef = D40B27F5292A8F2700140612 /* Snackbar.swift */; };
		D415A2CE294E35CC00564E53 /* SendOtpEmailDto.swift in Sources */ = {isa = PBXBuildFile; fileRef = D415A2CD294E35CC00564E53 /* SendOtpEmailDto.swift */; };
		D415A2D0294E412E00564E53 /* OtpConfirmDto.swift in Sources */ = {isa = PBXBuildFile; fileRef = D415A2CF294E412E00564E53 /* OtpConfirmDto.swift */; };
		D41BE5B3292AB19300826640 /* MainViewController.swift in Sources */ = {isa = PBXBuildFile; fileRef = D41BE5B2292AB19300826640 /* MainViewController.swift */; };
		D41BE5BB292AB68000826640 /* Authenticator.swift in Sources */ = {isa = PBXBuildFile; fileRef = D41BE5BA292AB68000826640 /* Authenticator.swift */; };
		D41BE5BD292ABA7800826640 /* UserNetworkDataSource.swift in Sources */ = {isa = PBXBuildFile; fileRef = D41BE5BC292ABA7800826640 /* UserNetworkDataSource.swift */; };
		D41BE5C0292ABDE400826640 /* ProfileType.swift in Sources */ = {isa = PBXBuildFile; fileRef = D41BE5BF292ABDE400826640 /* ProfileType.swift */; };
		D41BE5C2292ABE0B00826640 /* UserAuthenticationModel.swift in Sources */ = {isa = PBXBuildFile; fileRef = D41BE5C1292ABE0B00826640 /* UserAuthenticationModel.swift */; };
		D41BE5C6292ABFCC00826640 /* NetworkMapperExtensions.swift in Sources */ = {isa = PBXBuildFile; fileRef = D41BE5C5292ABFCC00826640 /* NetworkMapperExtensions.swift */; };
		D41BE5C8292ACADA00826640 /* Checkbox.swift in Sources */ = {isa = PBXBuildFile; fileRef = D41BE5C7292ACADA00826640 /* Checkbox.swift */; };
		D41F9C3E294E0D650079D2A6 /* ApiParameters.swift in Sources */ = {isa = PBXBuildFile; fileRef = D41F9C3D294E0D650079D2A6 /* ApiParameters.swift */; };
		D4217A06293B622F004E4744 /* UiDataState.swift in Sources */ = {isa = PBXBuildFile; fileRef = D4217A05293B622F004E4744 /* UiDataState.swift */; };
		D42D0E902944790B00F3DA91 /* DeleteAccountViewController.swift in Sources */ = {isa = PBXBuildFile; fileRef = D42D0E8F2944790B00F3DA91 /* DeleteAccountViewController.swift */; };
		D42D0E922944793C00F3DA91 /* DeleteAccountViewModel.swift in Sources */ = {isa = PBXBuildFile; fileRef = D42D0E912944793C00F3DA91 /* DeleteAccountViewModel.swift */; };
		D4422E9329386E8C00342B29 /* Poppins-Thin.ttf in Resources */ = {isa = PBXBuildFile; fileRef = D4422E8029386E8900342B29 /* Poppins-Thin.ttf */; };
		D4422E9429386E8C00342B29 /* Poppins-Medium.ttf in Resources */ = {isa = PBXBuildFile; fileRef = D4422E8129386E8900342B29 /* Poppins-Medium.ttf */; };
		D4422E9529386E8C00342B29 /* Poppins-BoldItalic.ttf in Resources */ = {isa = PBXBuildFile; fileRef = D4422E8229386E8900342B29 /* Poppins-BoldItalic.ttf */; };
		D4422E9629386E8C00342B29 /* Poppins-ExtraBold.ttf in Resources */ = {isa = PBXBuildFile; fileRef = D4422E8329386E8A00342B29 /* Poppins-ExtraBold.ttf */; };
		D4422E9729386E8C00342B29 /* Poppins-Bold.ttf in Resources */ = {isa = PBXBuildFile; fileRef = D4422E8429386E8A00342B29 /* Poppins-Bold.ttf */; };
		D4422E9829386E8C00342B29 /* Poppins-Black.ttf in Resources */ = {isa = PBXBuildFile; fileRef = D4422E8529386E8A00342B29 /* Poppins-Black.ttf */; };
		D4422E9929386E8C00342B29 /* Poppins-LightItalic.ttf in Resources */ = {isa = PBXBuildFile; fileRef = D4422E8629386E8A00342B29 /* Poppins-LightItalic.ttf */; };
		D4422E9A29386E8C00342B29 /* Poppins-ExtraBoldItalic.ttf in Resources */ = {isa = PBXBuildFile; fileRef = D4422E8729386E8A00342B29 /* Poppins-ExtraBoldItalic.ttf */; };
		D4422E9B29386E8C00342B29 /* Poppins-Regular.ttf in Resources */ = {isa = PBXBuildFile; fileRef = D4422E8829386E8A00342B29 /* Poppins-Regular.ttf */; };
		D4422E9C29386E8C00342B29 /* Poppins-SemiBoldItalic.ttf in Resources */ = {isa = PBXBuildFile; fileRef = D4422E8929386E8A00342B29 /* Poppins-SemiBoldItalic.ttf */; };
		D4422E9D29386E8C00342B29 /* Poppins-ExtraLightItalic.ttf in Resources */ = {isa = PBXBuildFile; fileRef = D4422E8A29386E8A00342B29 /* Poppins-ExtraLightItalic.ttf */; };
		D4422E9E29386E8C00342B29 /* Poppins-ThinItalic.ttf in Resources */ = {isa = PBXBuildFile; fileRef = D4422E8B29386E8B00342B29 /* Poppins-ThinItalic.ttf */; };
		D4422E9F29386E8C00342B29 /* Poppins-ExtraLight.ttf in Resources */ = {isa = PBXBuildFile; fileRef = D4422E8C29386E8B00342B29 /* Poppins-ExtraLight.ttf */; };
		D4422EA029386E8C00342B29 /* Poppins-BlackItalic.ttf in Resources */ = {isa = PBXBuildFile; fileRef = D4422E8D29386E8B00342B29 /* Poppins-BlackItalic.ttf */; };
		D4422EA129386E8C00342B29 /* Poppins-Italic.ttf in Resources */ = {isa = PBXBuildFile; fileRef = D4422E8E29386E8B00342B29 /* Poppins-Italic.ttf */; };
		D4422EA229386E8C00342B29 /* Poppins-Light.ttf in Resources */ = {isa = PBXBuildFile; fileRef = D4422E8F29386E8B00342B29 /* Poppins-Light.ttf */; };
		D4422EA329386E8C00342B29 /* Poppins-SemiBold.ttf in Resources */ = {isa = PBXBuildFile; fileRef = D4422E9029386E8B00342B29 /* Poppins-SemiBold.ttf */; };
		D4422EA429386E8C00342B29 /* Poppins-MediumItalic.ttf in Resources */ = {isa = PBXBuildFile; fileRef = D4422E9129386E8B00342B29 /* Poppins-MediumItalic.ttf */; };
		D4422EA529386E8C00342B29 /* OFL.txt in Resources */ = {isa = PBXBuildFile; fileRef = D4422E9229386E8C00342B29 /* OFL.txt */; };
		D44D4D7429411CA90024D0AC /* ApiService.swift in Sources */ = {isa = PBXBuildFile; fileRef = D44D4D7329411CA90024D0AC /* ApiService.swift */; };
		D44D4D7A29413CC50024D0AC /* ApiUrlManager.swift in Sources */ = {isa = PBXBuildFile; fileRef = D44D4D7929413CC50024D0AC /* ApiUrlManager.swift */; };
		D44F261729200C5C00CD5B85 /* FontUtil.swift in Sources */ = {isa = PBXBuildFile; fileRef = D44F261629200C5C00CD5B85 /* FontUtil.swift */; };
		D44F261929200F8500CD5B85 /* Color.swift in Sources */ = {isa = PBXBuildFile; fileRef = D44F261829200F8500CD5B85 /* Color.swift */; };
		D44F261F292014CF00CD5B85 /* Constants.swift in Sources */ = {isa = PBXBuildFile; fileRef = D44F261E292014CF00CD5B85 /* Constants.swift */; };
		D47217072942D2C800216931 /* ProfileSetupViewController.swift in Sources */ = {isa = PBXBuildFile; fileRef = D47217062942D2C800216931 /* ProfileSetupViewController.swift */; };
		D4816DB12920D40700ECB799 /* WindowDelegate.swift in Sources */ = {isa = PBXBuildFile; fileRef = D4816DB02920D40700ECB799 /* WindowDelegate.swift */; };
		D4816DB32920D5C300ECB799 /* BaseViewController.swift in Sources */ = {isa = PBXBuildFile; fileRef = D4816DB22920D5C300ECB799 /* BaseViewController.swift */; };
		D4816DB52920E64900ECB799 /* Extensions.swift in Sources */ = {isa = PBXBuildFile; fileRef = D4816DB42920E64900ECB799 /* Extensions.swift */; };
		D4816DB72920E66300ECB799 /* ClosureSleeve.swift in Sources */ = {isa = PBXBuildFile; fileRef = D4816DB62920E66300ECB799 /* ClosureSleeve.swift */; };
		D4816DB92920E6F400ECB799 /* Util.swift in Sources */ = {isa = PBXBuildFile; fileRef = D4816DB82920E6F400ECB799 /* Util.swift */; };
		D4816DBB2920F05B00ECB799 /* Type.swift in Sources */ = {isa = PBXBuildFile; fileRef = D4816DBA2920F05B00ECB799 /* Type.swift */; };
		D4816DBD2920FCA600ECB799 /* Buttons.swift in Sources */ = {isa = PBXBuildFile; fileRef = D4816DBC2920FCA600ECB799 /* Buttons.swift */; };
		D4816DBF2920FDE500ECB799 /* Shape.swift in Sources */ = {isa = PBXBuildFile; fileRef = D4816DBE2920FDE500ECB799 /* Shape.swift */; };
		D4816DC22920FF4000ECB799 /* OnboardViewModel.swift in Sources */ = {isa = PBXBuildFile; fileRef = D4816DC12920FF4000ECB799 /* OnboardViewModel.swift */; };
		D48D8CE8293CD0AF00E72C0F /* ProfileEditViewModel.swift in Sources */ = {isa = PBXBuildFile; fileRef = D48D8CE7293CD0AF00E72C0F /* ProfileEditViewModel.swift */; };
		D48D8CEA293CE5E400E72C0F /* ProfileEdit.swift in Sources */ = {isa = PBXBuildFile; fileRef = D48D8CE9293CE5E400E72C0F /* ProfileEdit.swift */; };
		D48D8CED293D097300E72C0F /* NotificationEvents.swift in Sources */ = {isa = PBXBuildFile; fileRef = D48D8CEC293D097300E72C0F /* NotificationEvents.swift */; };
		D4A62ADD2933F46400D02694 /* SignUpViewModel.swift in Sources */ = {isa = PBXBuildFile; fileRef = D4A62ADC2933F46400D02694 /* SignUpViewModel.swift */; };
		D4A62ADF293409C700D02694 /* ViewGenerators.swift in Sources */ = {isa = PBXBuildFile; fileRef = D4A62ADE293409C700D02694 /* ViewGenerators.swift */; };
		D4A62AE129340AFE00D02694 /* EmailPasswordResetViewModel.swift in Sources */ = {isa = PBXBuildFile; fileRef = D4A62AE029340AFE00D02694 /* EmailPasswordResetViewModel.swift */; };
		D4A94E81294CE6EB0070416F /* ShuttleasyUserDefaults.swift in Sources */ = {isa = PBXBuildFile; fileRef = D4A94E80294CE6EB0070416F /* ShuttleasyUserDefaults.swift */; };
		D4A94E83294CE91D0070416F /* MemorySource.swift in Sources */ = {isa = PBXBuildFile; fileRef = D4A94E82294CE91D0070416F /* MemorySource.swift */; };
		D4BDA02229515E3E008118F5 /* NetworkUtil.swift in Sources */ = {isa = PBXBuildFile; fileRef = D4BDA02129515E3E008118F5 /* NetworkUtil.swift */; };
		D4C1025D293B8AC8004812C1 /* ShuttleasyUserRepository.swift in Sources */ = {isa = PBXBuildFile; fileRef = D4C1025C293B8AC8004812C1 /* ShuttleasyUserRepository.swift */; };
		D4C1025F293B8C4C004812C1 /* UserAuthDTO.swift in Sources */ = {isa = PBXBuildFile; fileRef = D4C1025E293B8C4C004812C1 /* UserAuthDTO.swift */; };
		D4C10261293B8C71004812C1 /* UserProfileDTO.swift in Sources */ = {isa = PBXBuildFile; fileRef = D4C10260293B8C71004812C1 /* UserProfileDTO.swift */; };
		D4C10263293B8C91004812C1 /* UserProfile.swift in Sources */ = {isa = PBXBuildFile; fileRef = D4C10262293B8C91004812C1 /* UserProfile.swift */; };
		D4C10265293B9348004812C1 /* ProfileViewModel.swift in Sources */ = {isa = PBXBuildFile; fileRef = D4C10264293B9348004812C1 /* ProfileViewModel.swift */; };
		D4C10268293BA6C3004812C1 /* ProfileEditViewController.swift in Sources */ = {isa = PBXBuildFile; fileRef = D4C10267293BA6C3004812C1 /* ProfileEditViewController.swift */; };
		D4C6F96C29503F6B00DAA1E7 /* ShuttleasyDateFormatter.swift in Sources */ = {isa = PBXBuildFile; fileRef = D4C6F96B29503F6B00DAA1E7 /* ShuttleasyDateFormatter.swift */; };
		D4C6F96F29503FA000DAA1E7 /* SearchShuttleRepository.swift in Sources */ = {isa = PBXBuildFile; fileRef = D4C6F96E29503FA000DAA1E7 /* SearchShuttleRepository.swift */; };
		D4C6F97229503FDB00DAA1E7 /* ShuttleNetworkSource.swift in Sources */ = {isa = PBXBuildFile; fileRef = D4C6F97129503FDB00DAA1E7 /* ShuttleNetworkSource.swift */; };
		D4CFA0C4294CB26B00C0F47E /* AppRepository.swift in Sources */ = {isa = PBXBuildFile; fileRef = D4CFA0C3294CB26B00C0F47E /* AppRepository.swift */; };
		D4D0650C29261431002991A1 /* SignInViewModel.swift in Sources */ = {isa = PBXBuildFile; fileRef = D4D0650B29261431002991A1 /* SignInViewModel.swift */; };
		D4D0650E2926143C002991A1 /* ViewModel.swift in Sources */ = {isa = PBXBuildFile; fileRef = D4D0650D2926143C002991A1 /* ViewModel.swift */; };
		D4F0B79629502B6A00716FE3 /* SearchResultCell.swift in Sources */ = {isa = PBXBuildFile; fileRef = D4F0B79529502B6A00716FE3 /* SearchResultCell.swift */; };
		D4F0B79A29502BE900716FE3 /* SearchResultViewController.swift in Sources */ = {isa = PBXBuildFile; fileRef = D4F0B79929502BE900716FE3 /* SearchResultViewController.swift */; };
		D4F0B79C29502C4900716FE3 /* SearchResult.swift in Sources */ = {isa = PBXBuildFile; fileRef = D4F0B79B29502C4900716FE3 /* SearchResult.swift */; };
		D4F0B79E29502E8900716FE3 /* SearchShuttleViewModel.swift in Sources */ = {isa = PBXBuildFile; fileRef = D4F0B79D29502E8900716FE3 /* SearchShuttleViewModel.swift */; };
		D4F0B7A02950327200716FE3 /* ShuttleSearchResultDto.swift in Sources */ = {isa = PBXBuildFile; fileRef = D4F0B79F2950327200716FE3 /* ShuttleSearchResultDto.swift */; };
		D4F116F428F9210F0083C5EB /* AppDelegate.swift in Sources */ = {isa = PBXBuildFile; fileRef = D4F116F328F9210F0083C5EB /* AppDelegate.swift */; };
		D4F116F628F9210F0083C5EB /* SceneDelegate.swift in Sources */ = {isa = PBXBuildFile; fileRef = D4F116F528F9210F0083C5EB /* SceneDelegate.swift */; };
		D4F116F828F9210F0083C5EB /* OnBoardingViewContoller.swift in Sources */ = {isa = PBXBuildFile; fileRef = D4F116F728F9210F0083C5EB /* OnBoardingViewContoller.swift */; };
		D4F116FD28F921100083C5EB /* Assets.xcassets in Resources */ = {isa = PBXBuildFile; fileRef = D4F116FC28F921100083C5EB /* Assets.xcassets */; };
		D4F1170028F921100083C5EB /* LaunchScreen.storyboard in Resources */ = {isa = PBXBuildFile; fileRef = D4F116FE28F921100083C5EB /* LaunchScreen.storyboard */; };
		D4F1170B28F921110083C5EB /* ShuttleasyTests.swift in Sources */ = {isa = PBXBuildFile; fileRef = D4F1170A28F921110083C5EB /* ShuttleasyTests.swift */; };
		D4F1171528F921110083C5EB /* ShuttleasyUITests.swift in Sources */ = {isa = PBXBuildFile; fileRef = D4F1171428F921110083C5EB /* ShuttleasyUITests.swift */; };
		D4F1171728F921110083C5EB /* ShuttleasyUITestsLaunchTests.swift in Sources */ = {isa = PBXBuildFile; fileRef = D4F1171628F921110083C5EB /* ShuttleasyUITestsLaunchTests.swift */; };
		D4F3E18E2934D08200D10463 /* ResetCodeViewController.swift in Sources */ = {isa = PBXBuildFile; fileRef = D4F3E18D2934D08200D10463 /* ResetCodeViewController.swift */; };
		D4F3E1902934D09D00D10463 /* ResetCodeViewModel.swift in Sources */ = {isa = PBXBuildFile; fileRef = D4F3E18F2934D09D00D10463 /* ResetCodeViewModel.swift */; };
		D4F3E1952934E1D900D10463 /* ResetPasswordViewController.swift in Sources */ = {isa = PBXBuildFile; fileRef = D4F3E1942934E1D900D10463 /* ResetPasswordViewController.swift */; };
		D4F3E19729352C6C00D10463 /* ResetPasswordViewModel.swift in Sources */ = {isa = PBXBuildFile; fileRef = D4F3E19629352C6C00D10463 /* ResetPasswordViewModel.swift */; };
		D4F591D829212EE200125E90 /* Injector.swift in Sources */ = {isa = PBXBuildFile; fileRef = D4F591D729212EE200125E90 /* Injector.swift */; };
		D4F591E12921467C00125E90 /* UserRepository.swift in Sources */ = {isa = PBXBuildFile; fileRef = D4F591E02921467C00125E90 /* UserRepository.swift */; };
		D4F591E7292146C000125E90 /* UserInfoLocalSource.swift in Sources */ = {isa = PBXBuildFile; fileRef = D4F591E6292146C000125E90 /* UserInfoLocalSource.swift */; };
		D4F591EA29214A2200125E90 /* SignInViewController.swift in Sources */ = {isa = PBXBuildFile; fileRef = D4F591E929214A2200125E90 /* SignInViewController.swift */; };
		D4FD012729481822004F149E /* PassengerDto.swift in Sources */ = {isa = PBXBuildFile; fileRef = D4FD012629481822004F149E /* PassengerDto.swift */; };
		D4FD012929481B47004F149E /* DriverDto.swift in Sources */ = {isa = PBXBuildFile; fileRef = D4FD012829481B47004F149E /* DriverDto.swift */; };
		D4FD012B29483ACD004F149E /* BaseRepository.swift in Sources */ = {isa = PBXBuildFile; fileRef = D4FD012A29483ACD004F149E /* BaseRepository.swift */; };
		F3D21653E675205EE77D08E9 /* Pods_ShuttleasyTests.framework in Frameworks */ = {isa = PBXBuildFile; fileRef = 1C0ABBCFC511E7C40374D63E /* Pods_ShuttleasyTests.framework */; };
/* End PBXBuildFile section */

/* Begin PBXContainerItemProxy section */
		D4F1170728F921110083C5EB /* PBXContainerItemProxy */ = {
			isa = PBXContainerItemProxy;
			containerPortal = D4F116E828F9210F0083C5EB /* Project object */;
			proxyType = 1;
			remoteGlobalIDString = D4F116EF28F9210F0083C5EB;
			remoteInfo = Shuttleasy;
		};
		D4F1171128F921110083C5EB /* PBXContainerItemProxy */ = {
			isa = PBXContainerItemProxy;
			containerPortal = D4F116E828F9210F0083C5EB /* Project object */;
			proxyType = 1;
			remoteGlobalIDString = D4F116EF28F9210F0083C5EB;
			remoteInfo = Shuttleasy;
		};
/* End PBXContainerItemProxy section */

/* Begin PBXFileReference section */
		010C263D29A6CCAC00FE38EA /* CompanyAboutView.swift */ = {isa = PBXFileReference; lastKnownFileType = sourcecode.swift; path = CompanyAboutView.swift; sourceTree = "<group>"; };
		0110307C29944F0900DE3268 /* en */ = {isa = PBXFileReference; lastKnownFileType = text.plist.strings; name = en; path = en.lproj/Localizable.strings; sourceTree = "<group>"; };
		0110307F29944F3C00DE3268 /* tr */ = {isa = PBXFileReference; lastKnownFileType = text.plist.strings; name = tr; path = tr.lproj/Localizable.strings; sourceTree = "<group>"; };
		0110308129944FC700DE3268 /* Localization.swift */ = {isa = PBXFileReference; lastKnownFileType = sourcecode.swift; path = Localization.swift; sourceTree = "<group>"; };
		01554F6629A7F8F200F16B51 /* SectionViews.swift */ = {isa = PBXFileReference; lastKnownFileType = sourcecode.swift; path = SectionViews.swift; sourceTree = "<group>"; };
		0159A22329C2DA1C00DD8C5E /* PickupSelectionArgs.swift */ = {isa = PBXFileReference; lastKnownFileType = sourcecode.swift; path = PickupSelectionArgs.swift; sourceTree = "<group>"; };
		0159A22529C2DA4000DD8C5E /* CompanyDetailArgs.swift */ = {isa = PBXFileReference; lastKnownFileType = sourcecode.swift; path = CompanyDetailArgs.swift; sourceTree = "<group>"; };
		016B927429C3A3CC00207A38 /* MapExtensions.swift */ = {isa = PBXFileReference; lastKnownFileType = sourcecode.swift; path = MapExtensions.swift; sourceTree = "<group>"; };
		017FE610299432DF000541D8 /* MainViewModel.swift */ = {isa = PBXFileReference; lastKnownFileType = sourcecode.swift; path = MainViewModel.swift; sourceTree = "<group>"; };
		01A2B7E529A22C3300709F30 /* TabLayoutMediator.swift */ = {isa = PBXFileReference; lastKnownFileType = sourcecode.swift; path = TabLayoutMediator.swift; sourceTree = "<group>"; };
		01A2B7E829A2465800709F30 /* CompanyDetailViewController.swift */ = {isa = PBXFileReference; lastKnownFileType = sourcecode.swift; path = CompanyDetailViewController.swift; sourceTree = "<group>"; };
		01A30E5629C032CF005958BB /* PickupSelectionViewController.swift */ = {isa = PBXFileReference; lastKnownFileType = sourcecode.swift; path = PickupSelectionViewController.swift; sourceTree = "<group>"; };
		01A6393A29B6EFE00038B31A /* CompanyDetail.swift */ = {isa = PBXFileReference; lastKnownFileType = sourcecode.swift; path = CompanyDetail.swift; sourceTree = "<group>"; };
		01A6393C29B6F0B70038B31A /* Comment.swift */ = {isa = PBXFileReference; lastKnownFileType = sourcecode.swift; path = Comment.swift; sourceTree = "<group>"; };
		01A6393E29B6F0DC0038B31A /* Shuttle.swift */ = {isa = PBXFileReference; lastKnownFileType = sourcecode.swift; path = Shuttle.swift; sourceTree = "<group>"; };
		01A6394029B6F1260038B31A /* User.swift */ = {isa = PBXFileReference; lastKnownFileType = sourcecode.swift; path = User.swift; sourceTree = "<group>"; };
		01A6394329B6F2FA0038B31A /* CompanyRepository.swift */ = {isa = PBXFileReference; lastKnownFileType = sourcecode.swift; path = CompanyRepository.swift; sourceTree = "<group>"; };
		01B9699E29A8FEA40059C1D6 /* CommentCell.swift */ = {isa = PBXFileReference; lastKnownFileType = sourcecode.swift; path = CommentCell.swift; sourceTree = "<group>"; };
		01C550F829C1812F003E0D40 /* DynamicColorButton.swift */ = {isa = PBXFileReference; lastKnownFileType = sourcecode.swift; path = DynamicColorButton.swift; sourceTree = "<group>"; };
		01D0D17E29B5A87400ACFEF9 /* CompanyDetailViewModel.swift */ = {isa = PBXFileReference; lastKnownFileType = sourcecode.swift; path = CompanyDetailViewModel.swift; sourceTree = "<group>"; };
		01E63A8629BAE4C400220865 /* Driver.swift */ = {isa = PBXFileReference; lastKnownFileType = sourcecode.swift; path = Driver.swift; sourceTree = "<group>"; };
		01E7255E29AE9EBA009CF7FE /* Spacing.swift */ = {isa = PBXFileReference; lastKnownFileType = sourcecode.swift; path = Spacing.swift; sourceTree = "<group>"; };
		01F36CC329AD418D0039E12D /* CompanyStatusCell.swift */ = {isa = PBXFileReference; lastKnownFileType = sourcecode.swift; path = CompanyStatusCell.swift; sourceTree = "<group>"; };
		01F36CC529AD45210039E12D /* CompanyContantCell.swift */ = {isa = PBXFileReference; lastKnownFileType = sourcecode.swift; path = CompanyContantCell.swift; sourceTree = "<group>"; };
		01F36CC729AD46250039E12D /* CompanyHeaderCell.swift */ = {isa = PBXFileReference; lastKnownFileType = sourcecode.swift; path = CompanyHeaderCell.swift; sourceTree = "<group>"; };
		07F1AAE1A10FBCC6D31F0188 /* Pods-Shuttleasy.debug.xcconfig */ = {isa = PBXFileReference; includeInIndex = 1; lastKnownFileType = text.xcconfig; name = "Pods-Shuttleasy.debug.xcconfig"; path = "Target Support Files/Pods-Shuttleasy/Pods-Shuttleasy.debug.xcconfig"; sourceTree = "<group>"; };
		1C0ABBCFC511E7C40374D63E /* Pods_ShuttleasyTests.framework */ = {isa = PBXFileReference; explicitFileType = wrapper.framework; includeInIndex = 0; path = Pods_ShuttleasyTests.framework; sourceTree = BUILT_PRODUCTS_DIR; };
		2EB28156CFCA1112E754D0C9 /* Pods-ShuttleasyTests.release.xcconfig */ = {isa = PBXFileReference; includeInIndex = 1; lastKnownFileType = text.xcconfig; name = "Pods-ShuttleasyTests.release.xcconfig"; path = "Target Support Files/Pods-ShuttleasyTests/Pods-ShuttleasyTests.release.xcconfig"; sourceTree = "<group>"; };
		88D16047F3D4D6219772C15D /* Pods_Shuttleasy_ShuttleasyUITests.framework */ = {isa = PBXFileReference; explicitFileType = wrapper.framework; includeInIndex = 0; path = Pods_Shuttleasy_ShuttleasyUITests.framework; sourceTree = BUILT_PRODUCTS_DIR; };
		A3CF6BF6A273203A8483B44F /* Pods-Shuttleasy-ShuttleasyUITests.debug.xcconfig */ = {isa = PBXFileReference; includeInIndex = 1; lastKnownFileType = text.xcconfig; name = "Pods-Shuttleasy-ShuttleasyUITests.debug.xcconfig"; path = "Target Support Files/Pods-Shuttleasy-ShuttleasyUITests/Pods-Shuttleasy-ShuttleasyUITests.debug.xcconfig"; sourceTree = "<group>"; };
		B4A719145D2A0E6933A799BF /* Pods-Shuttleasy-ShuttleasyUITests.release.xcconfig */ = {isa = PBXFileReference; includeInIndex = 1; lastKnownFileType = text.xcconfig; name = "Pods-Shuttleasy-ShuttleasyUITests.release.xcconfig"; path = "Target Support Files/Pods-Shuttleasy-ShuttleasyUITests/Pods-Shuttleasy-ShuttleasyUITests.release.xcconfig"; sourceTree = "<group>"; };
		D406C0C92937C2B800BC5F0C /* BaseTabbarController.swift */ = {isa = PBXFileReference; lastKnownFileType = sourcecode.swift; path = BaseTabbarController.swift; sourceTree = "<group>"; };
		D406C0CF2937CB2A00BC5F0C /* HomepageViewContoller.swift */ = {isa = PBXFileReference; lastKnownFileType = sourcecode.swift; path = HomepageViewContoller.swift; sourceTree = "<group>"; };
		D406C0D12937CB4B00BC5F0C /* SearchShuttleViewContoller.swift */ = {isa = PBXFileReference; lastKnownFileType = sourcecode.swift; path = SearchShuttleViewContoller.swift; sourceTree = "<group>"; };
		D406C0D32937CB5700BC5F0C /* ProfileViewController.swift */ = {isa = PBXFileReference; lastKnownFileType = sourcecode.swift; path = ProfileViewController.swift; sourceTree = "<group>"; };
		D40B27ED292A789500140612 /* SignUpViewController.swift */ = {isa = PBXFileReference; lastKnownFileType = sourcecode.swift; path = SignUpViewController.swift; sourceTree = "<group>"; };
		D40B27EF292A78C500140612 /* EmailPasswordResetController.swift */ = {isa = PBXFileReference; lastKnownFileType = sourcecode.swift; path = EmailPasswordResetController.swift; sourceTree = "<group>"; };
		D40B27F1292A797100140612 /* Navigator.swift */ = {isa = PBXFileReference; lastKnownFileType = sourcecode.swift; path = Navigator.swift; sourceTree = "<group>"; };
		D40B27F5292A8F2700140612 /* Snackbar.swift */ = {isa = PBXFileReference; lastKnownFileType = sourcecode.swift; path = Snackbar.swift; sourceTree = "<group>"; };
		D415A2CD294E35CC00564E53 /* SendOtpEmailDto.swift */ = {isa = PBXFileReference; lastKnownFileType = sourcecode.swift; path = SendOtpEmailDto.swift; sourceTree = "<group>"; };
		D415A2CF294E412E00564E53 /* OtpConfirmDto.swift */ = {isa = PBXFileReference; lastKnownFileType = sourcecode.swift; path = OtpConfirmDto.swift; sourceTree = "<group>"; };
		D41BE5B2292AB19300826640 /* MainViewController.swift */ = {isa = PBXFileReference; lastKnownFileType = sourcecode.swift; path = MainViewController.swift; sourceTree = "<group>"; };
		D41BE5BA292AB68000826640 /* Authenticator.swift */ = {isa = PBXFileReference; lastKnownFileType = sourcecode.swift; path = Authenticator.swift; sourceTree = "<group>"; };
		D41BE5BC292ABA7800826640 /* UserNetworkDataSource.swift */ = {isa = PBXFileReference; lastKnownFileType = sourcecode.swift; path = UserNetworkDataSource.swift; sourceTree = "<group>"; };
		D41BE5BF292ABDE400826640 /* ProfileType.swift */ = {isa = PBXFileReference; lastKnownFileType = sourcecode.swift; path = ProfileType.swift; sourceTree = "<group>"; };
		D41BE5C1292ABE0B00826640 /* UserAuthenticationModel.swift */ = {isa = PBXFileReference; lastKnownFileType = sourcecode.swift; path = UserAuthenticationModel.swift; sourceTree = "<group>"; };
		D41BE5C5292ABFCC00826640 /* NetworkMapperExtensions.swift */ = {isa = PBXFileReference; lastKnownFileType = sourcecode.swift; path = NetworkMapperExtensions.swift; sourceTree = "<group>"; };
		D41BE5C7292ACADA00826640 /* Checkbox.swift */ = {isa = PBXFileReference; lastKnownFileType = sourcecode.swift; path = Checkbox.swift; sourceTree = "<group>"; };
		D41F9C3D294E0D650079D2A6 /* ApiParameters.swift */ = {isa = PBXFileReference; lastKnownFileType = sourcecode.swift; path = ApiParameters.swift; sourceTree = "<group>"; };
		D4217A05293B622F004E4744 /* UiDataState.swift */ = {isa = PBXFileReference; lastKnownFileType = sourcecode.swift; path = UiDataState.swift; sourceTree = "<group>"; };
		D42D0E8F2944790B00F3DA91 /* DeleteAccountViewController.swift */ = {isa = PBXFileReference; lastKnownFileType = sourcecode.swift; path = DeleteAccountViewController.swift; sourceTree = "<group>"; };
		D42D0E912944793C00F3DA91 /* DeleteAccountViewModel.swift */ = {isa = PBXFileReference; lastKnownFileType = sourcecode.swift; path = DeleteAccountViewModel.swift; sourceTree = "<group>"; };
		D4422E8029386E8900342B29 /* Poppins-Thin.ttf */ = {isa = PBXFileReference; lastKnownFileType = file; path = "Poppins-Thin.ttf"; sourceTree = "<group>"; };
		D4422E8129386E8900342B29 /* Poppins-Medium.ttf */ = {isa = PBXFileReference; lastKnownFileType = file; path = "Poppins-Medium.ttf"; sourceTree = "<group>"; };
		D4422E8229386E8900342B29 /* Poppins-BoldItalic.ttf */ = {isa = PBXFileReference; lastKnownFileType = file; path = "Poppins-BoldItalic.ttf"; sourceTree = "<group>"; };
		D4422E8329386E8A00342B29 /* Poppins-ExtraBold.ttf */ = {isa = PBXFileReference; lastKnownFileType = file; path = "Poppins-ExtraBold.ttf"; sourceTree = "<group>"; };
		D4422E8429386E8A00342B29 /* Poppins-Bold.ttf */ = {isa = PBXFileReference; lastKnownFileType = file; path = "Poppins-Bold.ttf"; sourceTree = "<group>"; };
		D4422E8529386E8A00342B29 /* Poppins-Black.ttf */ = {isa = PBXFileReference; lastKnownFileType = file; path = "Poppins-Black.ttf"; sourceTree = "<group>"; };
		D4422E8629386E8A00342B29 /* Poppins-LightItalic.ttf */ = {isa = PBXFileReference; lastKnownFileType = file; path = "Poppins-LightItalic.ttf"; sourceTree = "<group>"; };
		D4422E8729386E8A00342B29 /* Poppins-ExtraBoldItalic.ttf */ = {isa = PBXFileReference; lastKnownFileType = file; path = "Poppins-ExtraBoldItalic.ttf"; sourceTree = "<group>"; };
		D4422E8829386E8A00342B29 /* Poppins-Regular.ttf */ = {isa = PBXFileReference; lastKnownFileType = file; path = "Poppins-Regular.ttf"; sourceTree = "<group>"; };
		D4422E8929386E8A00342B29 /* Poppins-SemiBoldItalic.ttf */ = {isa = PBXFileReference; lastKnownFileType = file; path = "Poppins-SemiBoldItalic.ttf"; sourceTree = "<group>"; };
		D4422E8A29386E8A00342B29 /* Poppins-ExtraLightItalic.ttf */ = {isa = PBXFileReference; lastKnownFileType = file; path = "Poppins-ExtraLightItalic.ttf"; sourceTree = "<group>"; };
		D4422E8B29386E8B00342B29 /* Poppins-ThinItalic.ttf */ = {isa = PBXFileReference; lastKnownFileType = file; path = "Poppins-ThinItalic.ttf"; sourceTree = "<group>"; };
		D4422E8C29386E8B00342B29 /* Poppins-ExtraLight.ttf */ = {isa = PBXFileReference; lastKnownFileType = file; path = "Poppins-ExtraLight.ttf"; sourceTree = "<group>"; };
		D4422E8D29386E8B00342B29 /* Poppins-BlackItalic.ttf */ = {isa = PBXFileReference; lastKnownFileType = file; path = "Poppins-BlackItalic.ttf"; sourceTree = "<group>"; };
		D4422E8E29386E8B00342B29 /* Poppins-Italic.ttf */ = {isa = PBXFileReference; lastKnownFileType = file; path = "Poppins-Italic.ttf"; sourceTree = "<group>"; };
		D4422E8F29386E8B00342B29 /* Poppins-Light.ttf */ = {isa = PBXFileReference; lastKnownFileType = file; path = "Poppins-Light.ttf"; sourceTree = "<group>"; };
		D4422E9029386E8B00342B29 /* Poppins-SemiBold.ttf */ = {isa = PBXFileReference; lastKnownFileType = file; path = "Poppins-SemiBold.ttf"; sourceTree = "<group>"; };
		D4422E9129386E8B00342B29 /* Poppins-MediumItalic.ttf */ = {isa = PBXFileReference; lastKnownFileType = file; path = "Poppins-MediumItalic.ttf"; sourceTree = "<group>"; };
		D4422E9229386E8C00342B29 /* OFL.txt */ = {isa = PBXFileReference; fileEncoding = 4; lastKnownFileType = text; path = OFL.txt; sourceTree = "<group>"; };
		D44D4D7329411CA90024D0AC /* ApiService.swift */ = {isa = PBXFileReference; lastKnownFileType = sourcecode.swift; path = ApiService.swift; sourceTree = "<group>"; };
		D44D4D7929413CC50024D0AC /* ApiUrlManager.swift */ = {isa = PBXFileReference; lastKnownFileType = sourcecode.swift; path = ApiUrlManager.swift; sourceTree = "<group>"; };
		D44F261629200C5C00CD5B85 /* FontUtil.swift */ = {isa = PBXFileReference; lastKnownFileType = sourcecode.swift; path = FontUtil.swift; sourceTree = "<group>"; };
		D44F261829200F8500CD5B85 /* Color.swift */ = {isa = PBXFileReference; lastKnownFileType = sourcecode.swift; path = Color.swift; sourceTree = "<group>"; };
		D44F261E292014CF00CD5B85 /* Constants.swift */ = {isa = PBXFileReference; lastKnownFileType = sourcecode.swift; path = Constants.swift; sourceTree = "<group>"; };
		D46D7EC5294DB8DC005CF8DB /* Shuttleasy.playground */ = {isa = PBXFileReference; lastKnownFileType = file.playground; path = Shuttleasy.playground; sourceTree = "<group>"; xcLanguageSpecificationIdentifier = xcode.lang.swift; };
		D47217062942D2C800216931 /* ProfileSetupViewController.swift */ = {isa = PBXFileReference; lastKnownFileType = sourcecode.swift; path = ProfileSetupViewController.swift; sourceTree = "<group>"; };
		D4816DB02920D40700ECB799 /* WindowDelegate.swift */ = {isa = PBXFileReference; lastKnownFileType = sourcecode.swift; path = WindowDelegate.swift; sourceTree = "<group>"; };
		D4816DB22920D5C300ECB799 /* BaseViewController.swift */ = {isa = PBXFileReference; lastKnownFileType = sourcecode.swift; path = BaseViewController.swift; sourceTree = "<group>"; };
		D4816DB42920E64900ECB799 /* Extensions.swift */ = {isa = PBXFileReference; lastKnownFileType = sourcecode.swift; path = Extensions.swift; sourceTree = "<group>"; };
		D4816DB62920E66300ECB799 /* ClosureSleeve.swift */ = {isa = PBXFileReference; lastKnownFileType = sourcecode.swift; path = ClosureSleeve.swift; sourceTree = "<group>"; };
		D4816DB82920E6F400ECB799 /* Util.swift */ = {isa = PBXFileReference; lastKnownFileType = sourcecode.swift; path = Util.swift; sourceTree = "<group>"; };
		D4816DBA2920F05B00ECB799 /* Type.swift */ = {isa = PBXFileReference; lastKnownFileType = sourcecode.swift; path = Type.swift; sourceTree = "<group>"; };
		D4816DBC2920FCA600ECB799 /* Buttons.swift */ = {isa = PBXFileReference; lastKnownFileType = sourcecode.swift; path = Buttons.swift; sourceTree = "<group>"; };
		D4816DBE2920FDE500ECB799 /* Shape.swift */ = {isa = PBXFileReference; lastKnownFileType = sourcecode.swift; path = Shape.swift; sourceTree = "<group>"; };
		D4816DC12920FF4000ECB799 /* OnboardViewModel.swift */ = {isa = PBXFileReference; lastKnownFileType = sourcecode.swift; path = OnboardViewModel.swift; sourceTree = "<group>"; };
		D48D8CE7293CD0AF00E72C0F /* ProfileEditViewModel.swift */ = {isa = PBXFileReference; lastKnownFileType = sourcecode.swift; path = ProfileEditViewModel.swift; sourceTree = "<group>"; };
		D48D8CE9293CE5E400E72C0F /* ProfileEdit.swift */ = {isa = PBXFileReference; lastKnownFileType = sourcecode.swift; path = ProfileEdit.swift; sourceTree = "<group>"; };
		D48D8CEC293D097300E72C0F /* NotificationEvents.swift */ = {isa = PBXFileReference; lastKnownFileType = sourcecode.swift; path = NotificationEvents.swift; sourceTree = "<group>"; };
		D4A62ADC2933F46400D02694 /* SignUpViewModel.swift */ = {isa = PBXFileReference; lastKnownFileType = sourcecode.swift; path = SignUpViewModel.swift; sourceTree = "<group>"; };
		D4A62ADE293409C700D02694 /* ViewGenerators.swift */ = {isa = PBXFileReference; lastKnownFileType = sourcecode.swift; path = ViewGenerators.swift; sourceTree = "<group>"; };
		D4A62AE029340AFE00D02694 /* EmailPasswordResetViewModel.swift */ = {isa = PBXFileReference; lastKnownFileType = sourcecode.swift; path = EmailPasswordResetViewModel.swift; sourceTree = "<group>"; };
		D4A94E80294CE6EB0070416F /* ShuttleasyUserDefaults.swift */ = {isa = PBXFileReference; lastKnownFileType = sourcecode.swift; name = ShuttleasyUserDefaults.swift; path = Shuttleasy/data/local/ShuttleasyUserDefaults.swift; sourceTree = SOURCE_ROOT; };
		D4A94E82294CE91D0070416F /* MemorySource.swift */ = {isa = PBXFileReference; lastKnownFileType = sourcecode.swift; path = MemorySource.swift; sourceTree = "<group>"; };
		D4BDA02129515E3E008118F5 /* NetworkUtil.swift */ = {isa = PBXFileReference; lastKnownFileType = sourcecode.swift; path = NetworkUtil.swift; sourceTree = "<group>"; };
		D4C1025C293B8AC8004812C1 /* ShuttleasyUserRepository.swift */ = {isa = PBXFileReference; lastKnownFileType = sourcecode.swift; path = ShuttleasyUserRepository.swift; sourceTree = "<group>"; };
		D4C1025E293B8C4C004812C1 /* UserAuthDTO.swift */ = {isa = PBXFileReference; lastKnownFileType = sourcecode.swift; path = UserAuthDTO.swift; sourceTree = "<group>"; };
		D4C10260293B8C71004812C1 /* UserProfileDTO.swift */ = {isa = PBXFileReference; lastKnownFileType = sourcecode.swift; path = UserProfileDTO.swift; sourceTree = "<group>"; };
		D4C10262293B8C91004812C1 /* UserProfile.swift */ = {isa = PBXFileReference; lastKnownFileType = sourcecode.swift; path = UserProfile.swift; sourceTree = "<group>"; };
		D4C10264293B9348004812C1 /* ProfileViewModel.swift */ = {isa = PBXFileReference; lastKnownFileType = sourcecode.swift; path = ProfileViewModel.swift; sourceTree = "<group>"; };
		D4C10267293BA6C3004812C1 /* ProfileEditViewController.swift */ = {isa = PBXFileReference; lastKnownFileType = sourcecode.swift; path = ProfileEditViewController.swift; sourceTree = "<group>"; };
		D4C6F96B29503F6B00DAA1E7 /* ShuttleasyDateFormatter.swift */ = {isa = PBXFileReference; lastKnownFileType = sourcecode.swift; path = ShuttleasyDateFormatter.swift; sourceTree = "<group>"; };
		D4C6F96E29503FA000DAA1E7 /* SearchShuttleRepository.swift */ = {isa = PBXFileReference; lastKnownFileType = sourcecode.swift; path = SearchShuttleRepository.swift; sourceTree = "<group>"; };
		D4C6F97129503FDB00DAA1E7 /* ShuttleNetworkSource.swift */ = {isa = PBXFileReference; lastKnownFileType = sourcecode.swift; path = ShuttleNetworkSource.swift; sourceTree = "<group>"; };
		D4CFA0C3294CB26B00C0F47E /* AppRepository.swift */ = {isa = PBXFileReference; lastKnownFileType = sourcecode.swift; path = AppRepository.swift; sourceTree = "<group>"; };
		D4D0650B29261431002991A1 /* SignInViewModel.swift */ = {isa = PBXFileReference; lastKnownFileType = sourcecode.swift; path = SignInViewModel.swift; sourceTree = "<group>"; };
		D4D0650D2926143C002991A1 /* ViewModel.swift */ = {isa = PBXFileReference; lastKnownFileType = sourcecode.swift; path = ViewModel.swift; sourceTree = "<group>"; };
		D4F0B79529502B6A00716FE3 /* SearchResultCell.swift */ = {isa = PBXFileReference; lastKnownFileType = sourcecode.swift; path = SearchResultCell.swift; sourceTree = "<group>"; };
		D4F0B79929502BE900716FE3 /* SearchResultViewController.swift */ = {isa = PBXFileReference; lastKnownFileType = sourcecode.swift; path = SearchResultViewController.swift; sourceTree = "<group>"; };
		D4F0B79B29502C4900716FE3 /* SearchResult.swift */ = {isa = PBXFileReference; lastKnownFileType = sourcecode.swift; path = SearchResult.swift; sourceTree = "<group>"; };
		D4F0B79D29502E8900716FE3 /* SearchShuttleViewModel.swift */ = {isa = PBXFileReference; lastKnownFileType = sourcecode.swift; path = SearchShuttleViewModel.swift; sourceTree = "<group>"; };
		D4F0B79F2950327200716FE3 /* ShuttleSearchResultDto.swift */ = {isa = PBXFileReference; lastKnownFileType = sourcecode.swift; path = ShuttleSearchResultDto.swift; sourceTree = "<group>"; };
		D4F116F028F9210F0083C5EB /* Shuttleasy.app */ = {isa = PBXFileReference; explicitFileType = wrapper.application; includeInIndex = 0; path = Shuttleasy.app; sourceTree = BUILT_PRODUCTS_DIR; };
		D4F116F328F9210F0083C5EB /* AppDelegate.swift */ = {isa = PBXFileReference; lastKnownFileType = sourcecode.swift; path = AppDelegate.swift; sourceTree = "<group>"; };
		D4F116F528F9210F0083C5EB /* SceneDelegate.swift */ = {isa = PBXFileReference; lastKnownFileType = sourcecode.swift; path = SceneDelegate.swift; sourceTree = "<group>"; };
		D4F116F728F9210F0083C5EB /* OnBoardingViewContoller.swift */ = {isa = PBXFileReference; lastKnownFileType = sourcecode.swift; path = OnBoardingViewContoller.swift; sourceTree = "<group>"; };
		D4F116FC28F921100083C5EB /* Assets.xcassets */ = {isa = PBXFileReference; lastKnownFileType = folder.assetcatalog; path = Assets.xcassets; sourceTree = "<group>"; };
		D4F116FF28F921100083C5EB /* Base */ = {isa = PBXFileReference; lastKnownFileType = file.storyboard; name = Base; path = Base.lproj/LaunchScreen.storyboard; sourceTree = "<group>"; };
		D4F1170128F921100083C5EB /* Info.plist */ = {isa = PBXFileReference; lastKnownFileType = text.plist.xml; path = Info.plist; sourceTree = "<group>"; };
		D4F1170628F921110083C5EB /* ShuttleasyTests.xctest */ = {isa = PBXFileReference; explicitFileType = wrapper.cfbundle; includeInIndex = 0; path = ShuttleasyTests.xctest; sourceTree = BUILT_PRODUCTS_DIR; };
		D4F1170A28F921110083C5EB /* ShuttleasyTests.swift */ = {isa = PBXFileReference; lastKnownFileType = sourcecode.swift; path = ShuttleasyTests.swift; sourceTree = "<group>"; };
		D4F1171028F921110083C5EB /* ShuttleasyUITests.xctest */ = {isa = PBXFileReference; explicitFileType = wrapper.cfbundle; includeInIndex = 0; path = ShuttleasyUITests.xctest; sourceTree = BUILT_PRODUCTS_DIR; };
		D4F1171428F921110083C5EB /* ShuttleasyUITests.swift */ = {isa = PBXFileReference; lastKnownFileType = sourcecode.swift; path = ShuttleasyUITests.swift; sourceTree = "<group>"; };
		D4F1171628F921110083C5EB /* ShuttleasyUITestsLaunchTests.swift */ = {isa = PBXFileReference; lastKnownFileType = sourcecode.swift; path = ShuttleasyUITestsLaunchTests.swift; sourceTree = "<group>"; };
		D4F3E18D2934D08200D10463 /* ResetCodeViewController.swift */ = {isa = PBXFileReference; lastKnownFileType = sourcecode.swift; path = ResetCodeViewController.swift; sourceTree = "<group>"; };
		D4F3E18F2934D09D00D10463 /* ResetCodeViewModel.swift */ = {isa = PBXFileReference; lastKnownFileType = sourcecode.swift; path = ResetCodeViewModel.swift; sourceTree = "<group>"; };
		D4F3E1942934E1D900D10463 /* ResetPasswordViewController.swift */ = {isa = PBXFileReference; lastKnownFileType = sourcecode.swift; path = ResetPasswordViewController.swift; sourceTree = "<group>"; };
		D4F3E19629352C6C00D10463 /* ResetPasswordViewModel.swift */ = {isa = PBXFileReference; lastKnownFileType = sourcecode.swift; path = ResetPasswordViewModel.swift; sourceTree = "<group>"; };
		D4F591D729212EE200125E90 /* Injector.swift */ = {isa = PBXFileReference; lastKnownFileType = sourcecode.swift; path = Injector.swift; sourceTree = "<group>"; };
		D4F591E02921467C00125E90 /* UserRepository.swift */ = {isa = PBXFileReference; lastKnownFileType = sourcecode.swift; path = UserRepository.swift; sourceTree = "<group>"; };
		D4F591E6292146C000125E90 /* UserInfoLocalSource.swift */ = {isa = PBXFileReference; lastKnownFileType = sourcecode.swift; path = UserInfoLocalSource.swift; sourceTree = "<group>"; };
		D4F591E929214A2200125E90 /* SignInViewController.swift */ = {isa = PBXFileReference; lastKnownFileType = sourcecode.swift; path = SignInViewController.swift; sourceTree = "<group>"; };
		D4FD012629481822004F149E /* PassengerDto.swift */ = {isa = PBXFileReference; lastKnownFileType = sourcecode.swift; path = PassengerDto.swift; sourceTree = "<group>"; };
		D4FD012829481B47004F149E /* DriverDto.swift */ = {isa = PBXFileReference; lastKnownFileType = sourcecode.swift; path = DriverDto.swift; sourceTree = "<group>"; };
		D4FD012A29483ACD004F149E /* BaseRepository.swift */ = {isa = PBXFileReference; lastKnownFileType = sourcecode.swift; path = BaseRepository.swift; sourceTree = "<group>"; };
		D546814752AE116D09DABC62 /* Pods_Shuttleasy.framework */ = {isa = PBXFileReference; explicitFileType = wrapper.framework; includeInIndex = 0; path = Pods_Shuttleasy.framework; sourceTree = BUILT_PRODUCTS_DIR; };
		DD12927A2B9FDAF03904605B /* Pods-Shuttleasy.release.xcconfig */ = {isa = PBXFileReference; includeInIndex = 1; lastKnownFileType = text.xcconfig; name = "Pods-Shuttleasy.release.xcconfig"; path = "Target Support Files/Pods-Shuttleasy/Pods-Shuttleasy.release.xcconfig"; sourceTree = "<group>"; };
		F69921EBE95B7D305D223354 /* Pods-ShuttleasyTests.debug.xcconfig */ = {isa = PBXFileReference; includeInIndex = 1; lastKnownFileType = text.xcconfig; name = "Pods-ShuttleasyTests.debug.xcconfig"; path = "Target Support Files/Pods-ShuttleasyTests/Pods-ShuttleasyTests.debug.xcconfig"; sourceTree = "<group>"; };
/* End PBXFileReference section */

/* Begin PBXFrameworksBuildPhase section */
		D4F116ED28F9210F0083C5EB /* Frameworks */ = {
			isa = PBXFrameworksBuildPhase;
			buildActionMask = 2147483647;
			files = (
				97D4C3F7B6680FB7ED81C793 /* Pods_Shuttleasy.framework in Frameworks */,
			);
			runOnlyForDeploymentPostprocessing = 0;
		};
		D4F1170328F921110083C5EB /* Frameworks */ = {
			isa = PBXFrameworksBuildPhase;
			buildActionMask = 2147483647;
			files = (
				F3D21653E675205EE77D08E9 /* Pods_ShuttleasyTests.framework in Frameworks */,
			);
			runOnlyForDeploymentPostprocessing = 0;
		};
		D4F1170D28F921110083C5EB /* Frameworks */ = {
			isa = PBXFrameworksBuildPhase;
			buildActionMask = 2147483647;
			files = (
				6FD133BBE66D8F8751596AD2 /* Pods_Shuttleasy_ShuttleasyUITests.framework in Frameworks */,
			);
			runOnlyForDeploymentPostprocessing = 0;
		};
/* End PBXFrameworksBuildPhase section */

/* Begin PBXGroup section */
		0110308029944FB300DE3268 /* localization */ = {
			isa = PBXGroup;
			children = (
				0110308129944FC700DE3268 /* Localization.swift */,
			);
			path = localization;
			sourceTree = "<group>";
		};
		01A2B7E729A2461D00709F30 /* company */ = {
			isa = PBXGroup;
			children = (
				01A2B7E829A2465800709F30 /* CompanyDetailViewController.swift */,
				010C263D29A6CCAC00FE38EA /* CompanyAboutView.swift */,
				01B9699E29A8FEA40059C1D6 /* CommentCell.swift */,
				01F36CC329AD418D0039E12D /* CompanyStatusCell.swift */,
				01F36CC529AD45210039E12D /* CompanyContantCell.swift */,
				01F36CC729AD46250039E12D /* CompanyHeaderCell.swift */,
				01D0D17E29B5A87400ACFEF9 /* CompanyDetailViewModel.swift */,
				0159A22529C2DA4000DD8C5E /* CompanyDetailArgs.swift */,
			);
			path = company;
			sourceTree = "<group>";
		};
		01A30E5529C032A8005958BB /* pickupArea */ = {
			isa = PBXGroup;
			children = (
				01A30E5629C032CF005958BB /* PickupSelectionViewController.swift */,
				0159A22329C2DA1C00DD8C5E /* PickupSelectionArgs.swift */,
			);
			path = pickupArea;
			sourceTree = "<group>";
		};
		01A6394229B6F2ED0038B31A /* company */ = {
			isa = PBXGroup;
			children = (
				01A6394329B6F2FA0038B31A /* CompanyRepository.swift */,
			);
			path = company;
			sourceTree = "<group>";
		};
		3C212CBDE4500DF1CB30B26C /* Frameworks */ = {
			isa = PBXGroup;
			children = (
				D546814752AE116D09DABC62 /* Pods_Shuttleasy.framework */,
				88D16047F3D4D6219772C15D /* Pods_Shuttleasy_ShuttleasyUITests.framework */,
				1C0ABBCFC511E7C40374D63E /* Pods_ShuttleasyTests.framework */,
			);
			name = Frameworks;
			sourceTree = "<group>";
		};
		B9B2095D42300A3DA6D6FFFD /* Pods */ = {
			isa = PBXGroup;
			children = (
				07F1AAE1A10FBCC6D31F0188 /* Pods-Shuttleasy.debug.xcconfig */,
				DD12927A2B9FDAF03904605B /* Pods-Shuttleasy.release.xcconfig */,
				A3CF6BF6A273203A8483B44F /* Pods-Shuttleasy-ShuttleasyUITests.debug.xcconfig */,
				B4A719145D2A0E6933A799BF /* Pods-Shuttleasy-ShuttleasyUITests.release.xcconfig */,
				F69921EBE95B7D305D223354 /* Pods-ShuttleasyTests.debug.xcconfig */,
				2EB28156CFCA1112E754D0C9 /* Pods-ShuttleasyTests.release.xcconfig */,
			);
			path = Pods;
			sourceTree = "<group>";
		};
		D406C0CC2937CAD400BC5F0C /* home */ = {
			isa = PBXGroup;
			children = (
				D406C0CF2937CB2A00BC5F0C /* HomepageViewContoller.swift */,
			);
			path = home;
			sourceTree = "<group>";
		};
		D406C0CD2937CAD800BC5F0C /* seach */ = {
			isa = PBXGroup;
			children = (
				D406C0D12937CB4B00BC5F0C /* SearchShuttleViewContoller.swift */,
				D4F0B79529502B6A00716FE3 /* SearchResultCell.swift */,
				D4F0B79929502BE900716FE3 /* SearchResultViewController.swift */,
				D4F0B79D29502E8900716FE3 /* SearchShuttleViewModel.swift */,
			);
			path = seach;
			sourceTree = "<group>";
		};
		D406C0CE2937CADF00BC5F0C /* profile */ = {
			isa = PBXGroup;
			children = (
				D42D0E8E294478F500F3DA91 /* deleteAccount */,
				D4C10266293BA6AF004812C1 /* profileEdit */,
				D406C0D32937CB5700BC5F0C /* ProfileViewController.swift */,
				D4C10264293B9348004812C1 /* ProfileViewModel.swift */,
			);
			path = profile;
			sourceTree = "<group>";
		};
		D40B27EB292A786D00140612 /* resetPassword */ = {
			isa = PBXGroup;
			children = (
				D4F3E1942934E1D900D10463 /* ResetPasswordViewController.swift */,
				D4F3E19629352C6C00D10463 /* ResetPasswordViewModel.swift */,
			);
			path = resetPassword;
			sourceTree = "<group>";
		};
		D40B27EC292A787300140612 /* signUp */ = {
			isa = PBXGroup;
			children = (
				D4A62ADC2933F46400D02694 /* SignUpViewModel.swift */,
				D40B27ED292A789500140612 /* SignUpViewController.swift */,
			);
			path = signUp;
			sourceTree = "<group>";
		};
		D40B27F4292A8F1600140612 /* components */ = {
			isa = PBXGroup;
			children = (
				D40B27F5292A8F2700140612 /* Snackbar.swift */,
				D41BE5C7292ACADA00826640 /* Checkbox.swift */,
				D4A62ADE293409C700D02694 /* ViewGenerators.swift */,
				01554F6629A7F8F200F16B51 /* SectionViews.swift */,
				01C550F829C1812F003E0D40 /* DynamicColorButton.swift */,
			);
			path = components;
			sourceTree = "<group>";
		};
		D41BE5B1292AB18100826640 /* main */ = {
			isa = PBXGroup;
			children = (
				D406C0CC2937CAD400BC5F0C /* home */,
				D406C0CD2937CAD800BC5F0C /* seach */,
				D406C0CE2937CADF00BC5F0C /* profile */,
				D41BE5B2292AB19300826640 /* MainViewController.swift */,
				017FE610299432DF000541D8 /* MainViewModel.swift */,
			);
			path = main;
			sourceTree = "<group>";
		};
		D41BE5B4292AB53600826640 /* network */ = {
			isa = PBXGroup;
			children = (
				D4BDA02029515E2E008118F5 /* networkUtil */,
				D4C6F97029503FD400DAA1E7 /* shuttle */,
				D4FD012529481814004F149E /* dto */,
				D41BE5BC292ABA7800826640 /* UserNetworkDataSource.swift */,
				D4C1025E293B8C4C004812C1 /* UserAuthDTO.swift */,
				D4C10260293B8C71004812C1 /* UserProfileDTO.swift */,
				D44D4D7329411CA90024D0AC /* ApiService.swift */,
				D44D4D7929413CC50024D0AC /* ApiUrlManager.swift */,
				D41F9C3D294E0D650079D2A6 /* ApiParameters.swift */,
			);
			path = network;
			sourceTree = "<group>";
		};
		D41BE5BE292ABDD500826640 /* model */ = {
			isa = PBXGroup;
			children = (
				D41BE5BF292ABDE400826640 /* ProfileType.swift */,
				D41BE5C1292ABE0B00826640 /* UserAuthenticationModel.swift */,
				D4C10262293B8C91004812C1 /* UserProfile.swift */,
				D48D8CE9293CE5E400E72C0F /* ProfileEdit.swift */,
				D4F0B79B29502C4900716FE3 /* SearchResult.swift */,
				01A6393A29B6EFE00038B31A /* CompanyDetail.swift */,
				01A6393C29B6F0B70038B31A /* Comment.swift */,
				01A6393E29B6F0DC0038B31A /* Shuttle.swift */,
				01A6394029B6F1260038B31A /* User.swift */,
				01E63A8629BAE4C400220865 /* Driver.swift */,
			);
			path = model;
			sourceTree = "<group>";
		};
		D41BE5C3292ABF9700826640 /* mappers */ = {
			isa = PBXGroup;
			children = (
				D41BE5C5292ABFCC00826640 /* NetworkMapperExtensions.swift */,
			);
			path = mappers;
			sourceTree = "<group>";
		};
		D42D0E8E294478F500F3DA91 /* deleteAccount */ = {
			isa = PBXGroup;
			children = (
				D42D0E8F2944790B00F3DA91 /* DeleteAccountViewController.swift */,
				D42D0E912944793C00F3DA91 /* DeleteAccountViewModel.swift */,
			);
			path = deleteAccount;
			sourceTree = "<group>";
		};
		D4422E7F2938691900342B29 /* Fonts */ = {
			isa = PBXGroup;
			children = (
				D4422E9229386E8C00342B29 /* OFL.txt */,
				D4422E8529386E8A00342B29 /* Poppins-Black.ttf */,
				D4422E8D29386E8B00342B29 /* Poppins-BlackItalic.ttf */,
				D4422E8429386E8A00342B29 /* Poppins-Bold.ttf */,
				D4422E8229386E8900342B29 /* Poppins-BoldItalic.ttf */,
				D4422E8329386E8A00342B29 /* Poppins-ExtraBold.ttf */,
				D4422E8729386E8A00342B29 /* Poppins-ExtraBoldItalic.ttf */,
				D4422E8C29386E8B00342B29 /* Poppins-ExtraLight.ttf */,
				D4422E8A29386E8A00342B29 /* Poppins-ExtraLightItalic.ttf */,
				D4422E8E29386E8B00342B29 /* Poppins-Italic.ttf */,
				D4422E8F29386E8B00342B29 /* Poppins-Light.ttf */,
				D4422E8629386E8A00342B29 /* Poppins-LightItalic.ttf */,
				D4422E8129386E8900342B29 /* Poppins-Medium.ttf */,
				D4422E9129386E8B00342B29 /* Poppins-MediumItalic.ttf */,
				D4422E8829386E8A00342B29 /* Poppins-Regular.ttf */,
				D4422E9029386E8B00342B29 /* Poppins-SemiBold.ttf */,
				D4422E8929386E8A00342B29 /* Poppins-SemiBoldItalic.ttf */,
				D4422E8029386E8900342B29 /* Poppins-Thin.ttf */,
				D4422E8B29386E8B00342B29 /* Poppins-ThinItalic.ttf */,
			);
			path = Fonts;
			sourceTree = "<group>";
		};
		D44F26142920029C00CD5B85 /* ui */ = {
			isa = PBXGroup;
			children = (
				D48D8CEB293D096100E72C0F /* events */,
				D4F116F528F9210F0083C5EB /* SceneDelegate.swift */,
				D4816DB02920D40700ECB799 /* WindowDelegate.swift */,
				D4F591E8292149F900125E90 /* authentication */,
				D41BE5B1292AB18100826640 /* main */,
				01A2B7E729A2461D00709F30 /* company */,
				01A30E5529C032A8005958BB /* pickupArea */,
				D4816DC02920FF2600ECB799 /* onboard */,
				D44F2615292002A200CD5B85 /* theme */,
				D40B27F1292A797100140612 /* Navigator.swift */,
			);
			path = ui;
			sourceTree = "<group>";
		};
		D44F2615292002A200CD5B85 /* theme */ = {
			isa = PBXGroup;
			children = (
				D40B27F4292A8F1600140612 /* components */,
				0110308029944FB300DE3268 /* localization */,
				D4422E7F2938691900342B29 /* Fonts */,
				D44F261629200C5C00CD5B85 /* FontUtil.swift */,
				D44F261829200F8500CD5B85 /* Color.swift */,
				D4816DBA2920F05B00ECB799 /* Type.swift */,
				D4816DBC2920FCA600ECB799 /* Buttons.swift */,
				D4816DBE2920FDE500ECB799 /* Shape.swift */,
				01E7255E29AE9EBA009CF7FE /* Spacing.swift */,
			);
			path = theme;
			sourceTree = "<group>";
		};
		D44F261A2920149C00CD5B85 /* util */ = {
			isa = PBXGroup;
			children = (
				D4816DB42920E64900ECB799 /* Extensions.swift */,
				D4816DB62920E66300ECB799 /* ClosureSleeve.swift */,
				D4816DB82920E6F400ECB799 /* Util.swift */,
				D4C6F96B29503F6B00DAA1E7 /* ShuttleasyDateFormatter.swift */,
				01A2B7E529A22C3300709F30 /* TabLayoutMediator.swift */,
				016B927429C3A3CC00207A38 /* MapExtensions.swift */,
			);
			path = util;
			sourceTree = "<group>";
		};
		D44F261D292014C100CD5B85 /* base */ = {
			isa = PBXGroup;
			children = (
				D44F261E292014CF00CD5B85 /* Constants.swift */,
				D4816DB22920D5C300ECB799 /* BaseViewController.swift */,
				D4D0650D2926143C002991A1 /* ViewModel.swift */,
				D406C0C92937C2B800BC5F0C /* BaseTabbarController.swift */,
				D4217A05293B622F004E4744 /* UiDataState.swift */,
			);
			path = base;
			sourceTree = "<group>";
		};
		D47217082942D2CD00216931 /* profileSetup */ = {
			isa = PBXGroup;
			children = (
				D47217062942D2C800216931 /* ProfileSetupViewController.swift */,
			);
			path = profileSetup;
			sourceTree = "<group>";
		};
		D4816DC02920FF2600ECB799 /* onboard */ = {
			isa = PBXGroup;
			children = (
				D4F116F728F9210F0083C5EB /* OnBoardingViewContoller.swift */,
				D4816DC12920FF4000ECB799 /* OnboardViewModel.swift */,
			);
			path = onboard;
			sourceTree = "<group>";
		};
		D48D8CEB293D096100E72C0F /* events */ = {
			isa = PBXGroup;
			children = (
				D48D8CEC293D097300E72C0F /* NotificationEvents.swift */,
			);
			path = events;
			sourceTree = "<group>";
		};
		D4BDA02029515E2E008118F5 /* networkUtil */ = {
			isa = PBXGroup;
			children = (
				D4BDA02129515E3E008118F5 /* NetworkUtil.swift */,
			);
			path = networkUtil;
			sourceTree = "<group>";
		};
		D4C10266293BA6AF004812C1 /* profileEdit */ = {
			isa = PBXGroup;
			children = (
				D4C10267293BA6C3004812C1 /* ProfileEditViewController.swift */,
				D48D8CE7293CD0AF00E72C0F /* ProfileEditViewModel.swift */,
			);
			path = profileEdit;
			sourceTree = "<group>";
		};
		D4C6F96D29503F9500DAA1E7 /* search */ = {
			isa = PBXGroup;
			children = (
				D4C6F96E29503FA000DAA1E7 /* SearchShuttleRepository.swift */,
			);
			path = search;
			sourceTree = "<group>";
		};
		D4C6F97029503FD400DAA1E7 /* shuttle */ = {
			isa = PBXGroup;
			children = (
				D4C6F97129503FDB00DAA1E7 /* ShuttleNetworkSource.swift */,
			);
			path = shuttle;
			sourceTree = "<group>";
		};
		D4CFA0C2294CB25900C0F47E /* app */ = {
			isa = PBXGroup;
			children = (
				D4CFA0C3294CB26B00C0F47E /* AppRepository.swift */,
			);
			path = app;
			sourceTree = "<group>";
		};
		D4D0650A2926141C002991A1 /* singIn */ = {
			isa = PBXGroup;
			children = (
				D4F591E929214A2200125E90 /* SignInViewController.swift */,
				D4D0650B29261431002991A1 /* SignInViewModel.swift */,
			);
			path = singIn;
			sourceTree = "<group>";
		};
		D4F116E728F9210F0083C5EB = {
			isa = PBXGroup;
			children = (
				0110307D29944F0900DE3268 /* Localizable.strings */,
				D46D7EC5294DB8DC005CF8DB /* Shuttleasy.playground */,
				D4F116F228F9210F0083C5EB /* Shuttleasy */,
				D4F1170928F921110083C5EB /* ShuttleasyTests */,
				D4F1171328F921110083C5EB /* ShuttleasyUITests */,
				D4F116F128F9210F0083C5EB /* Products */,
				B9B2095D42300A3DA6D6FFFD /* Pods */,
				3C212CBDE4500DF1CB30B26C /* Frameworks */,
			);
			sourceTree = "<group>";
		};
		D4F116F128F9210F0083C5EB /* Products */ = {
			isa = PBXGroup;
			children = (
				D4F116F028F9210F0083C5EB /* Shuttleasy.app */,
				D4F1170628F921110083C5EB /* ShuttleasyTests.xctest */,
				D4F1171028F921110083C5EB /* ShuttleasyUITests.xctest */,
			);
			name = Products;
			sourceTree = "<group>";
		};
		D4F116F228F9210F0083C5EB /* Shuttleasy */ = {
			isa = PBXGroup;
			children = (
				D44F261D292014C100CD5B85 /* base */,
				D4F591E22921469400125E90 /* data */,
				D4F591D629212ECD00125E90 /* di */,
				D4F591DB2921462000125E90 /* domain */,
				D44F26142920029C00CD5B85 /* ui */,
				D44F261A2920149C00CD5B85 /* util */,
				D4F116F328F9210F0083C5EB /* AppDelegate.swift */,
				D4F116FC28F921100083C5EB /* Assets.xcassets */,
				D4F116FE28F921100083C5EB /* LaunchScreen.storyboard */,
				D4F1170128F921100083C5EB /* Info.plist */,
			);
			path = Shuttleasy;
			sourceTree = "<group>";
		};
		D4F1170928F921110083C5EB /* ShuttleasyTests */ = {
			isa = PBXGroup;
			children = (
				D4F1170A28F921110083C5EB /* ShuttleasyTests.swift */,
			);
			path = ShuttleasyTests;
			sourceTree = "<group>";
		};
		D4F1171328F921110083C5EB /* ShuttleasyUITests */ = {
			isa = PBXGroup;
			children = (
				D4F1171428F921110083C5EB /* ShuttleasyUITests.swift */,
				D4F1171628F921110083C5EB /* ShuttleasyUITestsLaunchTests.swift */,
			);
			path = ShuttleasyUITests;
			sourceTree = "<group>";
		};
		D4F3E1912934DEF100D10463 /* resetCodeSend */ = {
			isa = PBXGroup;
			children = (
				D4F3E18D2934D08200D10463 /* ResetCodeViewController.swift */,
				D4F3E18F2934D09D00D10463 /* ResetCodeViewModel.swift */,
			);
			path = resetCodeSend;
			sourceTree = "<group>";
		};
		D4F3E1932934E1A600D10463 /* resetPasswordEmail */ = {
			isa = PBXGroup;
			children = (
				D40B27EF292A78C500140612 /* EmailPasswordResetController.swift */,
				D4A62AE029340AFE00D02694 /* EmailPasswordResetViewModel.swift */,
			);
			path = resetPasswordEmail;
			sourceTree = "<group>";
		};
		D4F591D629212ECD00125E90 /* di */ = {
			isa = PBXGroup;
			children = (
				D4F591D729212EE200125E90 /* Injector.swift */,
			);
			path = di;
			sourceTree = "<group>";
		};
		D4F591DB2921462000125E90 /* domain */ = {
			isa = PBXGroup;
			children = (
				D41BE5C3292ABF9700826640 /* mappers */,
				D41BE5BE292ABDD500826640 /* model */,
				D4F591DC2921465900125E90 /* repository */,
			);
			path = domain;
			sourceTree = "<group>";
		};
		D4F591DC2921465900125E90 /* repository */ = {
			isa = PBXGroup;
			children = (
				01A6394229B6F2ED0038B31A /* company */,
				D4C6F96D29503F9500DAA1E7 /* search */,
				D4CFA0C2294CB25900C0F47E /* app */,
				D4F591DE2921466800125E90 /* user */,
				D4FD012A29483ACD004F149E /* BaseRepository.swift */,
			);
			path = repository;
			sourceTree = "<group>";
		};
		D4F591DE2921466800125E90 /* user */ = {
			isa = PBXGroup;
			children = (
				D4F591E02921467C00125E90 /* UserRepository.swift */,
				D41BE5BA292AB68000826640 /* Authenticator.swift */,
				D4C1025C293B8AC8004812C1 /* ShuttleasyUserRepository.swift */,
			);
			path = user;
			sourceTree = "<group>";
		};
		D4F591E22921469400125E90 /* data */ = {
			isa = PBXGroup;
			children = (
				D41BE5B4292AB53600826640 /* network */,
				D4F591E5292146AE00125E90 /* local */,
			);
			path = data;
			sourceTree = "<group>";
		};
		D4F591E5292146AE00125E90 /* local */ = {
			isa = PBXGroup;
			children = (
				D4A94E80294CE6EB0070416F /* ShuttleasyUserDefaults.swift */,
				D4F591E6292146C000125E90 /* UserInfoLocalSource.swift */,
				D4A94E82294CE91D0070416F /* MemorySource.swift */,
			);
			path = local;
			sourceTree = "<group>";
		};
		D4F591E8292149F900125E90 /* authentication */ = {
			isa = PBXGroup;
			children = (
				D47217082942D2CD00216931 /* profileSetup */,
				D4F3E1932934E1A600D10463 /* resetPasswordEmail */,
				D4F3E1912934DEF100D10463 /* resetCodeSend */,
				D40B27EC292A787300140612 /* signUp */,
				D40B27EB292A786D00140612 /* resetPassword */,
				D4D0650A2926141C002991A1 /* singIn */,
			);
			path = authentication;
			sourceTree = "<group>";
		};
		D4FD012529481814004F149E /* dto */ = {
			isa = PBXGroup;
			children = (
				D4FD012629481822004F149E /* PassengerDto.swift */,
				D4FD012829481B47004F149E /* DriverDto.swift */,
				D415A2CD294E35CC00564E53 /* SendOtpEmailDto.swift */,
				D415A2CF294E412E00564E53 /* OtpConfirmDto.swift */,
				D4F0B79F2950327200716FE3 /* ShuttleSearchResultDto.swift */,
			);
			path = dto;
			sourceTree = "<group>";
		};
/* End PBXGroup section */

/* Begin PBXNativeTarget section */
		D4F116EF28F9210F0083C5EB /* Shuttleasy */ = {
			isa = PBXNativeTarget;
			buildConfigurationList = D4F1171A28F921110083C5EB /* Build configuration list for PBXNativeTarget "Shuttleasy" */;
			buildPhases = (
				9F893093408BB584E8EB51E7 /* [CP] Check Pods Manifest.lock */,
				D4F116EC28F9210F0083C5EB /* Sources */,
				D4F116ED28F9210F0083C5EB /* Frameworks */,
				D4F116EE28F9210F0083C5EB /* Resources */,
				D47F5E43291F956900FC33A4 /* ShellScript */,
				D7A793BB4BA3158ED0205237 /* [CP] Embed Pods Frameworks */,
			);
			buildRules = (
			);
			dependencies = (
			);
			name = Shuttleasy;
			productName = Shuttleasy;
			productReference = D4F116F028F9210F0083C5EB /* Shuttleasy.app */;
			productType = "com.apple.product-type.application";
		};
		D4F1170528F921110083C5EB /* ShuttleasyTests */ = {
			isa = PBXNativeTarget;
			buildConfigurationList = D4F1171D28F921110083C5EB /* Build configuration list for PBXNativeTarget "ShuttleasyTests" */;
			buildPhases = (
				1456FFB1094AA0EAE35B473D /* [CP] Check Pods Manifest.lock */,
				D4F1170228F921110083C5EB /* Sources */,
				D4F1170328F921110083C5EB /* Frameworks */,
				D4F1170428F921110083C5EB /* Resources */,
			);
			buildRules = (
			);
			dependencies = (
				D4F1170828F921110083C5EB /* PBXTargetDependency */,
			);
			name = ShuttleasyTests;
			productName = ShuttleasyTests;
			productReference = D4F1170628F921110083C5EB /* ShuttleasyTests.xctest */;
			productType = "com.apple.product-type.bundle.unit-test";
		};
		D4F1170F28F921110083C5EB /* ShuttleasyUITests */ = {
			isa = PBXNativeTarget;
			buildConfigurationList = D4F1172028F921110083C5EB /* Build configuration list for PBXNativeTarget "ShuttleasyUITests" */;
			buildPhases = (
				0B6246B7EBD4495BC8DF3562 /* [CP] Check Pods Manifest.lock */,
				D4F1170C28F921110083C5EB /* Sources */,
				D4F1170D28F921110083C5EB /* Frameworks */,
				D4F1170E28F921110083C5EB /* Resources */,
				B076A40BEB1381689A7CD938 /* [CP] Embed Pods Frameworks */,
			);
			buildRules = (
			);
			dependencies = (
				D4F1171228F921110083C5EB /* PBXTargetDependency */,
			);
			name = ShuttleasyUITests;
			productName = ShuttleasyUITests;
			productReference = D4F1171028F921110083C5EB /* ShuttleasyUITests.xctest */;
			productType = "com.apple.product-type.bundle.ui-testing";
		};
/* End PBXNativeTarget section */

/* Begin PBXProject section */
		D4F116E828F9210F0083C5EB /* Project object */ = {
			isa = PBXProject;
			attributes = {
				BuildIndependentTargetsInParallel = 1;
				LastSwiftUpdateCheck = 1400;
				LastUpgradeCheck = 1400;
				TargetAttributes = {
					D4F116EF28F9210F0083C5EB = {
						CreatedOnToolsVersion = 14.0;
					};
					D4F1170528F921110083C5EB = {
						CreatedOnToolsVersion = 14.0;
						TestTargetID = D4F116EF28F9210F0083C5EB;
					};
					D4F1170F28F921110083C5EB = {
						CreatedOnToolsVersion = 14.0;
						TestTargetID = D4F116EF28F9210F0083C5EB;
					};
				};
			};
			buildConfigurationList = D4F116EB28F9210F0083C5EB /* Build configuration list for PBXProject "Shuttleasy" */;
			compatibilityVersion = "Xcode 14.0";
			developmentRegion = en;
			hasScannedForEncodings = 0;
			knownRegions = (
				en,
				Base,
				tr,
			);
			mainGroup = D4F116E728F9210F0083C5EB;
			productRefGroup = D4F116F128F9210F0083C5EB /* Products */;
			projectDirPath = "";
			projectRoot = "";
			targets = (
				D4F116EF28F9210F0083C5EB /* Shuttleasy */,
				D4F1170528F921110083C5EB /* ShuttleasyTests */,
				D4F1170F28F921110083C5EB /* ShuttleasyUITests */,
			);
		};
/* End PBXProject section */

/* Begin PBXResourcesBuildPhase section */
		D4F116EE28F9210F0083C5EB /* Resources */ = {
			isa = PBXResourcesBuildPhase;
			buildActionMask = 2147483647;
			files = (
				D4422EA529386E8C00342B29 /* OFL.txt in Resources */,
				D4422E9F29386E8C00342B29 /* Poppins-ExtraLight.ttf in Resources */,
				D4422EA229386E8C00342B29 /* Poppins-Light.ttf in Resources */,
				D4422EA129386E8C00342B29 /* Poppins-Italic.ttf in Resources */,
				D4422E9829386E8C00342B29 /* Poppins-Black.ttf in Resources */,
				D4422E9329386E8C00342B29 /* Poppins-Thin.ttf in Resources */,
				D4422EA329386E8C00342B29 /* Poppins-SemiBold.ttf in Resources */,
				D4422E9429386E8C00342B29 /* Poppins-Medium.ttf in Resources */,
				D4422E9729386E8C00342B29 /* Poppins-Bold.ttf in Resources */,
				D4422E9A29386E8C00342B29 /* Poppins-ExtraBoldItalic.ttf in Resources */,
				D4422EA429386E8C00342B29 /* Poppins-MediumItalic.ttf in Resources */,
				D4422E9E29386E8C00342B29 /* Poppins-ThinItalic.ttf in Resources */,
				D4422E9C29386E8C00342B29 /* Poppins-SemiBoldItalic.ttf in Resources */,
				0193898829C204CC00D82A62 /* Localizable.strings in Resources */,
				D4F1170028F921100083C5EB /* LaunchScreen.storyboard in Resources */,
				D4F116FD28F921100083C5EB /* Assets.xcassets in Resources */,
				D4422E9D29386E8C00342B29 /* Poppins-ExtraLightItalic.ttf in Resources */,
				D4422E9629386E8C00342B29 /* Poppins-ExtraBold.ttf in Resources */,
				D4422EA029386E8C00342B29 /* Poppins-BlackItalic.ttf in Resources */,
				D4422E9B29386E8C00342B29 /* Poppins-Regular.ttf in Resources */,
				D4422E9929386E8C00342B29 /* Poppins-LightItalic.ttf in Resources */,
				D4422E9529386E8C00342B29 /* Poppins-BoldItalic.ttf in Resources */,
			);
			runOnlyForDeploymentPostprocessing = 0;
		};
		D4F1170428F921110083C5EB /* Resources */ = {
			isa = PBXResourcesBuildPhase;
			buildActionMask = 2147483647;
			files = (
			);
			runOnlyForDeploymentPostprocessing = 0;
		};
		D4F1170E28F921110083C5EB /* Resources */ = {
			isa = PBXResourcesBuildPhase;
			buildActionMask = 2147483647;
			files = (
			);
			runOnlyForDeploymentPostprocessing = 0;
		};
/* End PBXResourcesBuildPhase section */

/* Begin PBXShellScriptBuildPhase section */
		0B6246B7EBD4495BC8DF3562 /* [CP] Check Pods Manifest.lock */ = {
			isa = PBXShellScriptBuildPhase;
			buildActionMask = 2147483647;
			files = (
			);
			inputFileListPaths = (
			);
			inputPaths = (
				"${PODS_PODFILE_DIR_PATH}/Podfile.lock",
				"${PODS_ROOT}/Manifest.lock",
			);
			name = "[CP] Check Pods Manifest.lock";
			outputFileListPaths = (
			);
			outputPaths = (
				"$(DERIVED_FILE_DIR)/Pods-Shuttleasy-ShuttleasyUITests-checkManifestLockResult.txt",
			);
			runOnlyForDeploymentPostprocessing = 0;
			shellPath = /bin/sh;
			shellScript = "diff \"${PODS_PODFILE_DIR_PATH}/Podfile.lock\" \"${PODS_ROOT}/Manifest.lock\" > /dev/null\nif [ $? != 0 ] ; then\n    # print error to STDERR\n    echo \"error: The sandbox is not in sync with the Podfile.lock. Run 'pod install' or update your CocoaPods installation.\" >&2\n    exit 1\nfi\n# This output is used by Xcode 'outputs' to avoid re-running this script phase.\necho \"SUCCESS\" > \"${SCRIPT_OUTPUT_FILE_0}\"\n";
			showEnvVarsInLog = 0;
		};
		1456FFB1094AA0EAE35B473D /* [CP] Check Pods Manifest.lock */ = {
			isa = PBXShellScriptBuildPhase;
			buildActionMask = 2147483647;
			files = (
			);
			inputFileListPaths = (
			);
			inputPaths = (
				"${PODS_PODFILE_DIR_PATH}/Podfile.lock",
				"${PODS_ROOT}/Manifest.lock",
			);
			name = "[CP] Check Pods Manifest.lock";
			outputFileListPaths = (
			);
			outputPaths = (
				"$(DERIVED_FILE_DIR)/Pods-ShuttleasyTests-checkManifestLockResult.txt",
			);
			runOnlyForDeploymentPostprocessing = 0;
			shellPath = /bin/sh;
			shellScript = "diff \"${PODS_PODFILE_DIR_PATH}/Podfile.lock\" \"${PODS_ROOT}/Manifest.lock\" > /dev/null\nif [ $? != 0 ] ; then\n    # print error to STDERR\n    echo \"error: The sandbox is not in sync with the Podfile.lock. Run 'pod install' or update your CocoaPods installation.\" >&2\n    exit 1\nfi\n# This output is used by Xcode 'outputs' to avoid re-running this script phase.\necho \"SUCCESS\" > \"${SCRIPT_OUTPUT_FILE_0}\"\n";
			showEnvVarsInLog = 0;
		};
		9F893093408BB584E8EB51E7 /* [CP] Check Pods Manifest.lock */ = {
			isa = PBXShellScriptBuildPhase;
			buildActionMask = 2147483647;
			files = (
			);
			inputFileListPaths = (
			);
			inputPaths = (
				"${PODS_PODFILE_DIR_PATH}/Podfile.lock",
				"${PODS_ROOT}/Manifest.lock",
			);
			name = "[CP] Check Pods Manifest.lock";
			outputFileListPaths = (
			);
			outputPaths = (
				"$(DERIVED_FILE_DIR)/Pods-Shuttleasy-checkManifestLockResult.txt",
			);
			runOnlyForDeploymentPostprocessing = 0;
			shellPath = /bin/sh;
			shellScript = "diff \"${PODS_PODFILE_DIR_PATH}/Podfile.lock\" \"${PODS_ROOT}/Manifest.lock\" > /dev/null\nif [ $? != 0 ] ; then\n    # print error to STDERR\n    echo \"error: The sandbox is not in sync with the Podfile.lock. Run 'pod install' or update your CocoaPods installation.\" >&2\n    exit 1\nfi\n# This output is used by Xcode 'outputs' to avoid re-running this script phase.\necho \"SUCCESS\" > \"${SCRIPT_OUTPUT_FILE_0}\"\n";
			showEnvVarsInLog = 0;
		};
		B076A40BEB1381689A7CD938 /* [CP] Embed Pods Frameworks */ = {
			isa = PBXShellScriptBuildPhase;
			buildActionMask = 2147483647;
			files = (
			);
			inputFileListPaths = (
				"${PODS_ROOT}/Target Support Files/Pods-Shuttleasy-ShuttleasyUITests/Pods-Shuttleasy-ShuttleasyUITests-frameworks-${CONFIGURATION}-input-files.xcfilelist",
			);
			name = "[CP] Embed Pods Frameworks";
			outputFileListPaths = (
				"${PODS_ROOT}/Target Support Files/Pods-Shuttleasy-ShuttleasyUITests/Pods-Shuttleasy-ShuttleasyUITests-frameworks-${CONFIGURATION}-output-files.xcfilelist",
			);
			runOnlyForDeploymentPostprocessing = 0;
			shellPath = /bin/sh;
			shellScript = "\"${PODS_ROOT}/Target Support Files/Pods-Shuttleasy-ShuttleasyUITests/Pods-Shuttleasy-ShuttleasyUITests-frameworks.sh\"\n";
			showEnvVarsInLog = 0;
		};
		D47F5E43291F956900FC33A4 /* ShellScript */ = {
			isa = PBXShellScriptBuildPhase;
			buildActionMask = 2147483647;
			files = (
			);
			inputFileListPaths = (
			);
			inputPaths = (
			);
			outputFileListPaths = (
			);
			outputPaths = (
			);
			runOnlyForDeploymentPostprocessing = 0;
			shellPath = /bin/sh;
			shellScript = "# Type a script or drag a script file from your workspace to insert its path.\nTAGS=\"TODO:|FIXME:\"\nfind \"${SRCROOT}\" \\( -name \"*.h\" -or -name \"*.m\" -or -name \"*.swift\" \\) -print0 | xargs -0 egrep --with-filename --line-number --only-matching \"($TAGS).*\\$\" | perl -p -e \"s/($TAGS)/ warning: \\$1/\"\n";
		};
		D7A793BB4BA3158ED0205237 /* [CP] Embed Pods Frameworks */ = {
			isa = PBXShellScriptBuildPhase;
			buildActionMask = 2147483647;
			files = (
			);
			inputFileListPaths = (
				"${PODS_ROOT}/Target Support Files/Pods-Shuttleasy/Pods-Shuttleasy-frameworks-${CONFIGURATION}-input-files.xcfilelist",
			);
			name = "[CP] Embed Pods Frameworks";
			outputFileListPaths = (
				"${PODS_ROOT}/Target Support Files/Pods-Shuttleasy/Pods-Shuttleasy-frameworks-${CONFIGURATION}-output-files.xcfilelist",
			);
			runOnlyForDeploymentPostprocessing = 0;
			shellPath = /bin/sh;
			shellScript = "\"${PODS_ROOT}/Target Support Files/Pods-Shuttleasy/Pods-Shuttleasy-frameworks.sh\"\n";
			showEnvVarsInLog = 0;
		};
/* End PBXShellScriptBuildPhase section */

/* Begin PBXSourcesBuildPhase section */
		D4F116EC28F9210F0083C5EB /* Sources */ = {
			isa = PBXSourcesBuildPhase;
			buildActionMask = 2147483647;
			files = (
				D40B27EE292A789500140612 /* SignUpViewController.swift in Sources */,
				D4F0B79A29502BE900716FE3 /* SearchResultViewController.swift in Sources */,
				01A6394129B6F1260038B31A /* User.swift in Sources */,
				D41BE5B3292AB19300826640 /* MainViewController.swift in Sources */,
				01B9699F29A8FEA40059C1D6 /* CommentCell.swift in Sources */,
				D4816DB92920E6F400ECB799 /* Util.swift in Sources */,
				D42D0E902944790B00F3DA91 /* DeleteAccountViewController.swift in Sources */,
				D4A94E81294CE6EB0070416F /* ShuttleasyUserDefaults.swift in Sources */,
				D4F116F828F9210F0083C5EB /* OnBoardingViewContoller.swift in Sources */,
				D4F0B79629502B6A00716FE3 /* SearchResultCell.swift in Sources */,
				01D0D17F29B5A87400ACFEF9 /* CompanyDetailViewModel.swift in Sources */,
				017FE611299432DF000541D8 /* MainViewModel.swift in Sources */,
				01A2B7E629A22C3300709F30 /* TabLayoutMediator.swift in Sources */,
				D4816DB52920E64900ECB799 /* Extensions.swift in Sources */,
				D48D8CE8293CD0AF00E72C0F /* ProfileEditViewModel.swift in Sources */,
				D4CFA0C4294CB26B00C0F47E /* AppRepository.swift in Sources */,
				D415A2D0294E412E00564E53 /* OtpConfirmDto.swift in Sources */,
				D41BE5C6292ABFCC00826640 /* NetworkMapperExtensions.swift in Sources */,
				D4816DBF2920FDE500ECB799 /* Shape.swift in Sources */,
				D40B27F2292A797100140612 /* Navigator.swift in Sources */,
				D42D0E922944793C00F3DA91 /* DeleteAccountViewModel.swift in Sources */,
				01A6393F29B6F0DC0038B31A /* Shuttle.swift in Sources */,
				010C263E29A6CCAC00FE38EA /* CompanyAboutView.swift in Sources */,
				D406C0D22937CB4B00BC5F0C /* SearchShuttleViewContoller.swift in Sources */,
				D4A62ADF293409C700D02694 /* ViewGenerators.swift in Sources */,
				D4D0650C29261431002991A1 /* SignInViewModel.swift in Sources */,
				D41BE5BB292AB68000826640 /* Authenticator.swift in Sources */,
				D4C1025F293B8C4C004812C1 /* UserAuthDTO.swift in Sources */,
				D4F591E12921467C00125E90 /* UserRepository.swift in Sources */,
				D4F0B79C29502C4900716FE3 /* SearchResult.swift in Sources */,
				D48D8CEA293CE5E400E72C0F /* ProfileEdit.swift in Sources */,
				D4816DC22920FF4000ECB799 /* OnboardViewModel.swift in Sources */,
				D4F3E1952934E1D900D10463 /* ResetPasswordViewController.swift in Sources */,
				D4816DBD2920FCA600ECB799 /* Buttons.swift in Sources */,
				D4A94E83294CE91D0070416F /* MemorySource.swift in Sources */,
				01E7255F29AE9EBA009CF7FE /* Spacing.swift in Sources */,
				D4F0B7A02950327200716FE3 /* ShuttleSearchResultDto.swift in Sources */,
				01554F6729A7F8F200F16B51 /* SectionViews.swift in Sources */,
				01A2B7E929A2465800709F30 /* CompanyDetailViewController.swift in Sources */,
				D4F3E1902934D09D00D10463 /* ResetCodeViewModel.swift in Sources */,
				D4217A06293B622F004E4744 /* UiDataState.swift in Sources */,
				D48D8CED293D097300E72C0F /* NotificationEvents.swift in Sources */,
				D41BE5C2292ABE0B00826640 /* UserAuthenticationModel.swift in Sources */,
				D4C10261293B8C71004812C1 /* UserProfileDTO.swift in Sources */,
				D40B27F0292A78C500140612 /* EmailPasswordResetController.swift in Sources */,
				D40B27F6292A8F2700140612 /* Snackbar.swift in Sources */,
				D41BE5C8292ACADA00826640 /* Checkbox.swift in Sources */,
				D4F116F428F9210F0083C5EB /* AppDelegate.swift in Sources */,
				D4F591D829212EE200125E90 /* Injector.swift in Sources */,
				01A6393D29B6F0B70038B31A /* Comment.swift in Sources */,
				D4F591EA29214A2200125E90 /* SignInViewController.swift in Sources */,
				01E63A8729BAE4C400220865 /* Driver.swift in Sources */,
				D4816DB72920E66300ECB799 /* ClosureSleeve.swift in Sources */,
				D4FD012929481B47004F149E /* DriverDto.swift in Sources */,
				D44F261729200C5C00CD5B85 /* FontUtil.swift in Sources */,
				0110308229944FC700DE3268 /* Localization.swift in Sources */,
				D44D4D7429411CA90024D0AC /* ApiService.swift in Sources */,
				0159A22629C2DA4000DD8C5E /* CompanyDetailArgs.swift in Sources */,
				D4FD012729481822004F149E /* PassengerDto.swift in Sources */,
				D4C6F97229503FDB00DAA1E7 /* ShuttleNetworkSource.swift in Sources */,
				D47217072942D2C800216931 /* ProfileSetupViewController.swift in Sources */,
				D4A62AE129340AFE00D02694 /* EmailPasswordResetViewModel.swift in Sources */,
				D4FD012B29483ACD004F149E /* BaseRepository.swift in Sources */,
				D4D0650E2926143C002991A1 /* ViewModel.swift in Sources */,
				01F36CC629AD45210039E12D /* CompanyContantCell.swift in Sources */,
				D4F0B79E29502E8900716FE3 /* SearchShuttleViewModel.swift in Sources */,
				01A6394429B6F2FA0038B31A /* CompanyRepository.swift in Sources */,
				D44F261929200F8500CD5B85 /* Color.swift in Sources */,
				D4C6F96F29503FA000DAA1E7 /* SearchShuttleRepository.swift in Sources */,
				D4F116F628F9210F0083C5EB /* SceneDelegate.swift in Sources */,
				D4F591E7292146C000125E90 /* UserInfoLocalSource.swift in Sources */,
				D41F9C3E294E0D650079D2A6 /* ApiParameters.swift in Sources */,
				D4816DB32920D5C300ECB799 /* BaseViewController.swift in Sources */,
				D4816DB12920D40700ECB799 /* WindowDelegate.swift in Sources */,
				016B927529C3A3CC00207A38 /* MapExtensions.swift in Sources */,
				01A6393B29B6EFE00038B31A /* CompanyDetail.swift in Sources */,
				D406C0CA2937C2B800BC5F0C /* BaseTabbarController.swift in Sources */,
				D44F261F292014CF00CD5B85 /* Constants.swift in Sources */,
				D4C6F96C29503F6B00DAA1E7 /* ShuttleasyDateFormatter.swift in Sources */,
				D41BE5BD292ABA7800826640 /* UserNetworkDataSource.swift in Sources */,
				D4816DBB2920F05B00ECB799 /* Type.swift in Sources */,
				D4F3E19729352C6C00D10463 /* ResetPasswordViewModel.swift in Sources */,
				D4C10265293B9348004812C1 /* ProfileViewModel.swift in Sources */,
				01A30E5729C032CF005958BB /* PickupSelectionViewController.swift in Sources */,
				D4F3E18E2934D08200D10463 /* ResetCodeViewController.swift in Sources */,
				01C550F929C1812F003E0D40 /* DynamicColorButton.swift in Sources */,
				0159A22429C2DA1C00DD8C5E /* PickupSelectionArgs.swift in Sources */,
				01F36CC429AD418D0039E12D /* CompanyStatusCell.swift in Sources */,
				D4C1025D293B8AC8004812C1 /* ShuttleasyUserRepository.swift in Sources */,
				D4A62ADD2933F46400D02694 /* SignUpViewModel.swift in Sources */,
				D4BDA02229515E3E008118F5 /* NetworkUtil.swift in Sources */,
				D4C10263293B8C91004812C1 /* UserProfile.swift in Sources */,
				D4C10268293BA6C3004812C1 /* ProfileEditViewController.swift in Sources */,
				01F36CC829AD46250039E12D /* CompanyHeaderCell.swift in Sources */,
				D406C0D42937CB5700BC5F0C /* ProfileViewController.swift in Sources */,
				D415A2CE294E35CC00564E53 /* SendOtpEmailDto.swift in Sources */,
				D406C0D02937CB2A00BC5F0C /* HomepageViewContoller.swift in Sources */,
				D44D4D7A29413CC50024D0AC /* ApiUrlManager.swift in Sources */,
				D41BE5C0292ABDE400826640 /* ProfileType.swift in Sources */,
			);
			runOnlyForDeploymentPostprocessing = 0;
		};
		D4F1170228F921110083C5EB /* Sources */ = {
			isa = PBXSourcesBuildPhase;
			buildActionMask = 2147483647;
			files = (
				D4F1170B28F921110083C5EB /* ShuttleasyTests.swift in Sources */,
			);
			runOnlyForDeploymentPostprocessing = 0;
		};
		D4F1170C28F921110083C5EB /* Sources */ = {
			isa = PBXSourcesBuildPhase;
			buildActionMask = 2147483647;
			files = (
				D4F1171728F921110083C5EB /* ShuttleasyUITestsLaunchTests.swift in Sources */,
				D4F1171528F921110083C5EB /* ShuttleasyUITests.swift in Sources */,
			);
			runOnlyForDeploymentPostprocessing = 0;
		};
/* End PBXSourcesBuildPhase section */

/* Begin PBXTargetDependency section */
		D4F1170828F921110083C5EB /* PBXTargetDependency */ = {
			isa = PBXTargetDependency;
			target = D4F116EF28F9210F0083C5EB /* Shuttleasy */;
			targetProxy = D4F1170728F921110083C5EB /* PBXContainerItemProxy */;
		};
		D4F1171228F921110083C5EB /* PBXTargetDependency */ = {
			isa = PBXTargetDependency;
			target = D4F116EF28F9210F0083C5EB /* Shuttleasy */;
			targetProxy = D4F1171128F921110083C5EB /* PBXContainerItemProxy */;
		};
/* End PBXTargetDependency section */

/* Begin PBXVariantGroup section */
		0110307D29944F0900DE3268 /* Localizable.strings */ = {
			isa = PBXVariantGroup;
			children = (
				0110307C29944F0900DE3268 /* en */,
				0110307F29944F3C00DE3268 /* tr */,
			);
			name = Localizable.strings;
			sourceTree = "<group>";
		};
		D4F116FE28F921100083C5EB /* LaunchScreen.storyboard */ = {
			isa = PBXVariantGroup;
			children = (
				D4F116FF28F921100083C5EB /* Base */,
			);
			name = LaunchScreen.storyboard;
			sourceTree = "<group>";
		};
/* End PBXVariantGroup section */

/* Begin XCBuildConfiguration section */
		D4F1171828F921110083C5EB /* Debug */ = {
			isa = XCBuildConfiguration;
			buildSettings = {
				ALWAYS_SEARCH_USER_PATHS = NO;
				CLANG_ANALYZER_LOCALIZABILITY_NONLOCALIZED = YES;
				CLANG_ANALYZER_NONNULL = YES;
				CLANG_ANALYZER_NUMBER_OBJECT_CONVERSION = YES_AGGRESSIVE;
				CLANG_CXX_LANGUAGE_STANDARD = "gnu++20";
				CLANG_ENABLE_MODULES = YES;
				CLANG_ENABLE_OBJC_ARC = YES;
				CLANG_ENABLE_OBJC_WEAK = YES;
				CLANG_WARN_BLOCK_CAPTURE_AUTORELEASING = YES;
				CLANG_WARN_BOOL_CONVERSION = YES;
				CLANG_WARN_COMMA = YES;
				CLANG_WARN_CONSTANT_CONVERSION = YES;
				CLANG_WARN_DEPRECATED_OBJC_IMPLEMENTATIONS = YES;
				CLANG_WARN_DIRECT_OBJC_ISA_USAGE = YES_ERROR;
				CLANG_WARN_DOCUMENTATION_COMMENTS = YES;
				CLANG_WARN_EMPTY_BODY = YES;
				CLANG_WARN_ENUM_CONVERSION = YES;
				CLANG_WARN_INFINITE_RECURSION = YES;
				CLANG_WARN_INT_CONVERSION = YES;
				CLANG_WARN_NON_LITERAL_NULL_CONVERSION = YES;
				CLANG_WARN_OBJC_IMPLICIT_RETAIN_SELF = YES;
				CLANG_WARN_OBJC_LITERAL_CONVERSION = YES;
				CLANG_WARN_OBJC_ROOT_CLASS = YES_ERROR;
				CLANG_WARN_QUOTED_INCLUDE_IN_FRAMEWORK_HEADER = YES;
				CLANG_WARN_RANGE_LOOP_ANALYSIS = YES;
				CLANG_WARN_STRICT_PROTOTYPES = YES;
				CLANG_WARN_SUSPICIOUS_MOVE = YES;
				CLANG_WARN_UNGUARDED_AVAILABILITY = YES_AGGRESSIVE;
				CLANG_WARN_UNREACHABLE_CODE = YES;
				CLANG_WARN__DUPLICATE_METHOD_MATCH = YES;
				COPY_PHASE_STRIP = NO;
				DEBUG_INFORMATION_FORMAT = dwarf;
				ENABLE_STRICT_OBJC_MSGSEND = YES;
				ENABLE_TESTABILITY = YES;
				GCC_C_LANGUAGE_STANDARD = gnu11;
				GCC_DYNAMIC_NO_PIC = NO;
				GCC_NO_COMMON_BLOCKS = YES;
				GCC_OPTIMIZATION_LEVEL = 0;
				GCC_PREPROCESSOR_DEFINITIONS = (
					"DEBUG=1",
					"$(inherited)",
				);
				GCC_WARN_64_TO_32_BIT_CONVERSION = YES;
				GCC_WARN_ABOUT_RETURN_TYPE = YES_ERROR;
				GCC_WARN_UNDECLARED_SELECTOR = YES;
				GCC_WARN_UNINITIALIZED_AUTOS = YES_AGGRESSIVE;
				GCC_WARN_UNUSED_FUNCTION = YES;
				GCC_WARN_UNUSED_VARIABLE = YES;
				IPHONEOS_DEPLOYMENT_TARGET = 16.0;
				MTL_ENABLE_DEBUG_INFO = INCLUDE_SOURCE;
				MTL_FAST_MATH = YES;
				ONLY_ACTIVE_ARCH = YES;
				SDKROOT = iphoneos;
				SWIFT_ACTIVE_COMPILATION_CONDITIONS = DEBUG;
				SWIFT_OPTIMIZATION_LEVEL = "-Onone";
			};
			name = Debug;
		};
		D4F1171928F921110083C5EB /* Release */ = {
			isa = XCBuildConfiguration;
			buildSettings = {
				ALWAYS_SEARCH_USER_PATHS = NO;
				CLANG_ANALYZER_LOCALIZABILITY_NONLOCALIZED = YES;
				CLANG_ANALYZER_NONNULL = YES;
				CLANG_ANALYZER_NUMBER_OBJECT_CONVERSION = YES_AGGRESSIVE;
				CLANG_CXX_LANGUAGE_STANDARD = "gnu++20";
				CLANG_ENABLE_MODULES = YES;
				CLANG_ENABLE_OBJC_ARC = YES;
				CLANG_ENABLE_OBJC_WEAK = YES;
				CLANG_WARN_BLOCK_CAPTURE_AUTORELEASING = YES;
				CLANG_WARN_BOOL_CONVERSION = YES;
				CLANG_WARN_COMMA = YES;
				CLANG_WARN_CONSTANT_CONVERSION = YES;
				CLANG_WARN_DEPRECATED_OBJC_IMPLEMENTATIONS = YES;
				CLANG_WARN_DIRECT_OBJC_ISA_USAGE = YES_ERROR;
				CLANG_WARN_DOCUMENTATION_COMMENTS = YES;
				CLANG_WARN_EMPTY_BODY = YES;
				CLANG_WARN_ENUM_CONVERSION = YES;
				CLANG_WARN_INFINITE_RECURSION = YES;
				CLANG_WARN_INT_CONVERSION = YES;
				CLANG_WARN_NON_LITERAL_NULL_CONVERSION = YES;
				CLANG_WARN_OBJC_IMPLICIT_RETAIN_SELF = YES;
				CLANG_WARN_OBJC_LITERAL_CONVERSION = YES;
				CLANG_WARN_OBJC_ROOT_CLASS = YES_ERROR;
				CLANG_WARN_QUOTED_INCLUDE_IN_FRAMEWORK_HEADER = YES;
				CLANG_WARN_RANGE_LOOP_ANALYSIS = YES;
				CLANG_WARN_STRICT_PROTOTYPES = YES;
				CLANG_WARN_SUSPICIOUS_MOVE = YES;
				CLANG_WARN_UNGUARDED_AVAILABILITY = YES_AGGRESSIVE;
				CLANG_WARN_UNREACHABLE_CODE = YES;
				CLANG_WARN__DUPLICATE_METHOD_MATCH = YES;
				COPY_PHASE_STRIP = NO;
				DEBUG_INFORMATION_FORMAT = "dwarf-with-dsym";
				ENABLE_NS_ASSERTIONS = NO;
				ENABLE_STRICT_OBJC_MSGSEND = YES;
				GCC_C_LANGUAGE_STANDARD = gnu11;
				GCC_NO_COMMON_BLOCKS = YES;
				GCC_WARN_64_TO_32_BIT_CONVERSION = YES;
				GCC_WARN_ABOUT_RETURN_TYPE = YES_ERROR;
				GCC_WARN_UNDECLARED_SELECTOR = YES;
				GCC_WARN_UNINITIALIZED_AUTOS = YES_AGGRESSIVE;
				GCC_WARN_UNUSED_FUNCTION = YES;
				GCC_WARN_UNUSED_VARIABLE = YES;
				IPHONEOS_DEPLOYMENT_TARGET = 16.0;
				MTL_ENABLE_DEBUG_INFO = NO;
				MTL_FAST_MATH = YES;
				SDKROOT = iphoneos;
				SWIFT_COMPILATION_MODE = wholemodule;
				SWIFT_OPTIMIZATION_LEVEL = "-O";
				VALIDATE_PRODUCT = YES;
			};
			name = Release;
		};
		D4F1171B28F921110083C5EB /* Debug */ = {
			isa = XCBuildConfiguration;
			baseConfigurationReference = 07F1AAE1A10FBCC6D31F0188 /* Pods-Shuttleasy.debug.xcconfig */;
			buildSettings = {
				ASSETCATALOG_COMPILER_APPICON_NAME = AppIcon;
				ASSETCATALOG_COMPILER_GLOBAL_ACCENT_COLOR_NAME = AccentColor;
				CODE_SIGN_STYLE = Automatic;
				CURRENT_PROJECT_VERSION = 1;
				DEVELOPMENT_TEAM = PGB4ZFDG33;
				GENERATE_INFOPLIST_FILE = YES;
				INFOPLIST_FILE = Shuttleasy/Info.plist;
				INFOPLIST_KEY_UIApplicationSupportsIndirectInputEvents = YES;
				INFOPLIST_KEY_UILaunchStoryboardName = LaunchScreen.storyboard;
				INFOPLIST_KEY_UIStatusBarStyle = "";
				INFOPLIST_KEY_UISupportedInterfaceOrientations_iPad = "UIInterfaceOrientationPortrait UIInterfaceOrientationPortraitUpsideDown UIInterfaceOrientationLandscapeLeft UIInterfaceOrientationLandscapeRight";
				INFOPLIST_KEY_UISupportedInterfaceOrientations_iPhone = "UIInterfaceOrientationPortrait UIInterfaceOrientationLandscapeLeft UIInterfaceOrientationLandscapeRight";
				LD_RUNPATH_SEARCH_PATHS = (
					"$(inherited)",
					"@executable_path/Frameworks",
				);
				MARKETING_VERSION = 1.0;
				PRODUCT_BUNDLE_IDENTIFIER = com.oguzhanaslann.Shuttleasy;
				PRODUCT_NAME = "$(TARGET_NAME)";
				SWIFT_EMIT_LOC_STRINGS = YES;
				SWIFT_VERSION = 5.0;
				TARGETED_DEVICE_FAMILY = "1,2";
			};
			name = Debug;
		};
		D4F1171C28F921110083C5EB /* Release */ = {
			isa = XCBuildConfiguration;
			baseConfigurationReference = DD12927A2B9FDAF03904605B /* Pods-Shuttleasy.release.xcconfig */;
			buildSettings = {
				ASSETCATALOG_COMPILER_APPICON_NAME = AppIcon;
				ASSETCATALOG_COMPILER_GLOBAL_ACCENT_COLOR_NAME = AccentColor;
				CODE_SIGN_STYLE = Automatic;
				CURRENT_PROJECT_VERSION = 1;
				DEVELOPMENT_TEAM = PGB4ZFDG33;
				GENERATE_INFOPLIST_FILE = YES;
				INFOPLIST_FILE = Shuttleasy/Info.plist;
				INFOPLIST_KEY_UIApplicationSupportsIndirectInputEvents = YES;
				INFOPLIST_KEY_UILaunchStoryboardName = LaunchScreen.storyboard;
				INFOPLIST_KEY_UIStatusBarStyle = "";
				INFOPLIST_KEY_UISupportedInterfaceOrientations_iPad = "UIInterfaceOrientationPortrait UIInterfaceOrientationPortraitUpsideDown UIInterfaceOrientationLandscapeLeft UIInterfaceOrientationLandscapeRight";
				INFOPLIST_KEY_UISupportedInterfaceOrientations_iPhone = "UIInterfaceOrientationPortrait UIInterfaceOrientationLandscapeLeft UIInterfaceOrientationLandscapeRight";
				LD_RUNPATH_SEARCH_PATHS = (
					"$(inherited)",
					"@executable_path/Frameworks",
				);
				MARKETING_VERSION = 1.0;
				PRODUCT_BUNDLE_IDENTIFIER = com.oguzhanaslann.Shuttleasy;
				PRODUCT_NAME = "$(TARGET_NAME)";
				SWIFT_EMIT_LOC_STRINGS = YES;
				SWIFT_VERSION = 5.0;
				TARGETED_DEVICE_FAMILY = "1,2";
			};
			name = Release;
		};
		D4F1171E28F921110083C5EB /* Debug */ = {
			isa = XCBuildConfiguration;
			baseConfigurationReference = F69921EBE95B7D305D223354 /* Pods-ShuttleasyTests.debug.xcconfig */;
			buildSettings = {
				ALWAYS_EMBED_SWIFT_STANDARD_LIBRARIES = YES;
				BUNDLE_LOADER = "$(TEST_HOST)";
				CODE_SIGN_STYLE = Automatic;
				CURRENT_PROJECT_VERSION = 1;
				DEVELOPMENT_TEAM = PGB4ZFDG33;
				GENERATE_INFOPLIST_FILE = YES;
				IPHONEOS_DEPLOYMENT_TARGET = 16.0;
				MARKETING_VERSION = 1.0;
				PRODUCT_BUNDLE_IDENTIFIER = com.oguzhanaslann.ShuttleasyTests;
				PRODUCT_NAME = "$(TARGET_NAME)";
				SWIFT_EMIT_LOC_STRINGS = NO;
				SWIFT_VERSION = 5.0;
				TARGETED_DEVICE_FAMILY = "1,2";
				TEST_HOST = "$(BUILT_PRODUCTS_DIR)/Shuttleasy.app/$(BUNDLE_EXECUTABLE_FOLDER_PATH)/Shuttleasy";
			};
			name = Debug;
		};
		D4F1171F28F921110083C5EB /* Release */ = {
			isa = XCBuildConfiguration;
			baseConfigurationReference = 2EB28156CFCA1112E754D0C9 /* Pods-ShuttleasyTests.release.xcconfig */;
			buildSettings = {
				ALWAYS_EMBED_SWIFT_STANDARD_LIBRARIES = YES;
				BUNDLE_LOADER = "$(TEST_HOST)";
				CODE_SIGN_STYLE = Automatic;
				CURRENT_PROJECT_VERSION = 1;
				DEVELOPMENT_TEAM = PGB4ZFDG33;
				GENERATE_INFOPLIST_FILE = YES;
				IPHONEOS_DEPLOYMENT_TARGET = 16.0;
				MARKETING_VERSION = 1.0;
				PRODUCT_BUNDLE_IDENTIFIER = com.oguzhanaslann.ShuttleasyTests;
				PRODUCT_NAME = "$(TARGET_NAME)";
				SWIFT_EMIT_LOC_STRINGS = NO;
				SWIFT_VERSION = 5.0;
				TARGETED_DEVICE_FAMILY = "1,2";
				TEST_HOST = "$(BUILT_PRODUCTS_DIR)/Shuttleasy.app/$(BUNDLE_EXECUTABLE_FOLDER_PATH)/Shuttleasy";
			};
			name = Release;
		};
		D4F1172128F921110083C5EB /* Debug */ = {
			isa = XCBuildConfiguration;
			baseConfigurationReference = A3CF6BF6A273203A8483B44F /* Pods-Shuttleasy-ShuttleasyUITests.debug.xcconfig */;
			buildSettings = {
				ALWAYS_EMBED_SWIFT_STANDARD_LIBRARIES = YES;
				CODE_SIGN_STYLE = Automatic;
				CURRENT_PROJECT_VERSION = 1;
				DEVELOPMENT_TEAM = PGB4ZFDG33;
				GENERATE_INFOPLIST_FILE = YES;
				MARKETING_VERSION = 1.0;
				PRODUCT_BUNDLE_IDENTIFIER = com.oguzhanaslann.ShuttleasyUITests;
				PRODUCT_NAME = "$(TARGET_NAME)";
				SWIFT_EMIT_LOC_STRINGS = NO;
				SWIFT_VERSION = 5.0;
				TARGETED_DEVICE_FAMILY = "1,2";
				TEST_TARGET_NAME = Shuttleasy;
			};
			name = Debug;
		};
		D4F1172228F921110083C5EB /* Release */ = {
			isa = XCBuildConfiguration;
			baseConfigurationReference = B4A719145D2A0E6933A799BF /* Pods-Shuttleasy-ShuttleasyUITests.release.xcconfig */;
			buildSettings = {
				ALWAYS_EMBED_SWIFT_STANDARD_LIBRARIES = YES;
				CODE_SIGN_STYLE = Automatic;
				CURRENT_PROJECT_VERSION = 1;
				DEVELOPMENT_TEAM = PGB4ZFDG33;
				GENERATE_INFOPLIST_FILE = YES;
				MARKETING_VERSION = 1.0;
				PRODUCT_BUNDLE_IDENTIFIER = com.oguzhanaslann.ShuttleasyUITests;
				PRODUCT_NAME = "$(TARGET_NAME)";
				SWIFT_EMIT_LOC_STRINGS = NO;
				SWIFT_VERSION = 5.0;
				TARGETED_DEVICE_FAMILY = "1,2";
				TEST_TARGET_NAME = Shuttleasy;
			};
			name = Release;
		};
/* End XCBuildConfiguration section */

/* Begin XCConfigurationList section */
		D4F116EB28F9210F0083C5EB /* Build configuration list for PBXProject "Shuttleasy" */ = {
			isa = XCConfigurationList;
			buildConfigurations = (
				D4F1171828F921110083C5EB /* Debug */,
				D4F1171928F921110083C5EB /* Release */,
			);
			defaultConfigurationIsVisible = 0;
			defaultConfigurationName = Release;
		};
		D4F1171A28F921110083C5EB /* Build configuration list for PBXNativeTarget "Shuttleasy" */ = {
			isa = XCConfigurationList;
			buildConfigurations = (
				D4F1171B28F921110083C5EB /* Debug */,
				D4F1171C28F921110083C5EB /* Release */,
			);
			defaultConfigurationIsVisible = 0;
			defaultConfigurationName = Release;
		};
		D4F1171D28F921110083C5EB /* Build configuration list for PBXNativeTarget "ShuttleasyTests" */ = {
			isa = XCConfigurationList;
			buildConfigurations = (
				D4F1171E28F921110083C5EB /* Debug */,
				D4F1171F28F921110083C5EB /* Release */,
			);
			defaultConfigurationIsVisible = 0;
			defaultConfigurationName = Release;
		};
		D4F1172028F921110083C5EB /* Build configuration list for PBXNativeTarget "ShuttleasyUITests" */ = {
			isa = XCConfigurationList;
			buildConfigurations = (
				D4F1172128F921110083C5EB /* Debug */,
				D4F1172228F921110083C5EB /* Release */,
			);
			defaultConfigurationIsVisible = 0;
			defaultConfigurationName = Release;
		};
/* End XCConfigurationList section */
	};
	rootObject = D4F116E828F9210F0083C5EB /* Project object */;
}
